{
  "version": 4,
  "terraform_version": "1.9.8",
  "serial": 90,
  "lineage": "616de653-c9d0-ebdc-de34-a6db423b140e",
  "outputs": {},
  "resources": [
    {
      "mode": "managed",
      "type": "aws_ebs_volume",
      "name": "netflix-app-volume",
      "provider": "provider[\"registry.terraform.io/hashicorp/aws\"]",
      "instances": [
        {
          "schema_version": 0,
          "attributes": {
            "arn": "arn:aws:ec2:us-east-1:308434761697:volume/vol-0c8d6959aa8e5554b",
            "availability_zone": "us-east-1a",
            "encrypted": false,
            "final_snapshot": false,
            "id": "vol-0c8d6959aa8e5554b",
            "iops": 100,
            "kms_key_id": "",
            "multi_attach_enabled": false,
            "outpost_arn": "",
            "size": 5,
            "snapshot_id": "",
            "tags": {
              "name": "Hello_world"
            },
            "tags_all": {
              "name": "Hello_world"
            },
            "throughput": 0,
            "timeouts": null,
            "type": "gp2"
          },
          "sensitive_attributes": [],
          "private": "eyJlMmJmYjczMC1lY2FhLTExZTYtOGY4OC0zNDM2M2JjN2M0YzAiOnsiY3JlYXRlIjozMDAwMDAwMDAwMDAsImRlbGV0ZSI6NjAwMDAwMDAwMDAwLCJ1cGRhdGUiOjMwMDAwMDAwMDAwMH19"
        }
      ]
    },
    {
      "mode": "managed",
      "type": "aws_instance",
      "name": "netflix_app",
      "provider": "provider[\"registry.terraform.io/hashicorp/aws\"]",
      "instances": [
        {
          "schema_version": 1,
          "attributes": {
            "ami": "ami-06b21ccaeff8cd686",
            "arn": "arn:aws:ec2:us-east-1:308434761697:instance/i-09edbe1a8e18b40f5",
            "associate_public_ip_address": true,
            "availability_zone": "us-east-1b",
            "capacity_reservation_specification": [
              {
                "capacity_reservation_preference": "open",
                "capacity_reservation_target": []
              }
            ],
            "cpu_core_count": 1,
            "cpu_options": [
              {
                "amd_sev_snp": "",
                "core_count": 1,
                "threads_per_core": 1
              }
            ],
            "cpu_threads_per_core": 1,
            "credit_specification": [
              {
                "cpu_credits": "standard"
              }
            ],
            "disable_api_stop": false,
            "disable_api_termination": false,
            "ebs_block_device": [],
            "ebs_optimized": false,
            "enclave_options": [
              {
                "enabled": false
              }
            ],
            "ephemeral_block_device": [],
            "get_password_data": false,
            "hibernation": false,
            "host_id": "",
            "host_resource_group_arn": null,
            "iam_instance_profile": "",
            "id": "i-09edbe1a8e18b40f5",
            "instance_initiated_shutdown_behavior": "stop",
            "instance_lifecycle": "",
            "instance_market_options": [],
            "instance_state": "running",
            "instance_type": "t2.micro",
            "ipv6_address_count": 0,
            "ipv6_addresses": [],
            "key_name": "my-ec2-key",
            "launch_template": [],
            "maintenance_options": [
              {
                "auto_recovery": "default"
              }
            ],
            "metadata_options": [
              {
                "http_endpoint": "enabled",
                "http_protocol_ipv6": "disabled",
                "http_put_response_hop_limit": 2,
                "http_tokens": "required",
                "instance_metadata_tags": "disabled"
              }
            ],
            "monitoring": false,
            "network_interface": [],
            "outpost_arn": "",
            "password_data": "",
            "placement_group": "",
            "placement_partition_number": 0,
            "primary_network_interface_id": "eni-00e08dd2348174729",
            "private_dns": "ip-172-31-92-128.ec2.internal",
            "private_dns_name_options": [
              {
                "enable_resource_name_dns_a_record": false,
                "enable_resource_name_dns_aaaa_record": false,
                "hostname_type": "ip-name"
              }
            ],
            "private_ip": "172.31.92.128",
            "public_dns": "ec2-54-205-146-117.compute-1.amazonaws.com",
            "public_ip": "54.205.146.117",
            "root_block_device": [
              {
                "delete_on_termination": true,
                "device_name": "/dev/xvda",
                "encrypted": false,
                "iops": 3000,
                "kms_key_id": "",
                "tags": {},
                "tags_all": {},
                "throughput": 125,
                "volume_id": "vol-0a90a450d6ec8ac02",
                "volume_size": 8,
                "volume_type": "gp3"
              }
            ],
            "secondary_private_ips": [],
            "security_groups": [
              "default"
            ],
            "source_dest_check": true,
            "spot_instance_request_id": "",
            "subnet_id": "subnet-0af5190881dbcb319",
            "tags": {
              "Env": "dev",
              "Name": "netflix-app"
            },
            "tags_all": {
              "Env": "dev",
              "Name": "netflix-app"
            },
            "tenancy": "default",
            "timeouts": null,
            "user_data": "b3006afad9ca3d3f3195acc9bf0551b801b8c57f",
            "user_data_base64": null,
            "user_data_replace_on_change": false,
            "volume_tags": null,
            "vpc_security_group_ids": [
              "sg-0f645a5ecad7135cd"
            ]
          },
          "sensitive_attributes": [],
          "private": "eyJlMmJmYjczMC1lY2FhLTExZTYtOGY4OC0zNDM2M2JjN2M0YzAiOnsiY3JlYXRlIjo2MDAwMDAwMDAwMDAsImRlbGV0ZSI6MTIwMDAwMDAwMDAwMCwicmVhZCI6OTAwMDAwMDAwMDAwLCJ1cGRhdGUiOjYwMDAwMDAwMDAwMH0sInNjaGVtYV92ZXJzaW9uIjoiMSJ9",
          "dependencies": [
            "aws_key_pair.ec2_key",
            "tls_private_key.ec2_key"
          ]
        }
      ]
    },
    {
      "mode": "managed",
      "type": "aws_key_pair",
      "name": "ec2_key",
      "provider": "provider[\"registry.terraform.io/hashicorp/aws\"]",
      "instances": [
        {
          "schema_version": 1,
          "attributes": {
            "arn": "arn:aws:ec2:us-east-1:308434761697:key-pair/my-ec2-key",
            "fingerprint": "90:23:5a:a3:31:13:37:c6:15:f0:ac:c2:fb:be:d2:41",
            "id": "my-ec2-key",
            "key_name": "my-ec2-key",
            "key_name_prefix": "",
            "key_pair_id": "key-084a16e115b74f6c2",
            "key_type": "rsa",
            "public_key": "ssh-rsa AAAAB3NzaC1yc2EAAAADAQABAAABAQCeEeQ7WtFkLqWNXooZNaDFOEEdb9wt8AqgLVgw91XjYq1AK4FYSPaVXhtep0TA/lFm7HKewZS9ALmYxx2IoMGIRJD5+uZqFEH544OvYWuR2Syo+soYvvG12CbDO/godvJinMk1FKndPxfIQ6RojG2B94gZrCY3z1Q70ivv4xjrLFqqXdQXqCekMf60KeiVtpxDCU9Hp2UF3BCv8SYka0ghKBmeq1OvvGBezAkPyI2STeQVbiANhLHJHfUHBisjdSxoOp1tdeBNlqus1r0wN5tl4DXXUq4cay1RmcASRSe8Qgmvkxhdk/kW4hN3zarykjwumAZwhXYWOSLSSd17z/Gr",
            "tags": {},
            "tags_all": {}
          },
          "sensitive_attributes": [],
          "private": "eyJzY2hlbWFfdmVyc2lvbiI6IjEifQ==",
          "dependencies": [
            "tls_private_key.ec2_key"
          ]
        }
      ]
    },
    {
      "mode": "managed",
      "type": "aws_s3_bucket",
      "name": "netflix-app-bucket",
      "provider": "provider[\"registry.terraform.io/hashicorp/aws\"]",
      "instances": [
        {
          "schema_version": 0,
          "attributes": {
            "acceleration_status": "",
            "acl": null,
            "arn": "arn:aws:s3:::netflix-app-bucket-forzivis",
            "bucket": "netflix-app-bucket-forzivis",
            "bucket_domain_name": "netflix-app-bucket-forzivis.s3.amazonaws.com",
            "bucket_prefix": "",
            "bucket_regional_domain_name": "netflix-app-bucket-forzivis.s3.us-east-1.amazonaws.com",
            "cors_rule": [],
            "force_destroy": false,
            "grant": [
              {
                "id": "21b86bd14ce18b4cf195bbe356d8369aa81013c1b865b3b005d5e139b487f97b",
                "permissions": [
                  "FULL_CONTROL"
                ],
                "type": "CanonicalUser",
                "uri": ""
              }
            ],
            "hosted_zone_id": "Z3AQBSTGFYJSTF",
            "id": "netflix-app-bucket-forzivis",
            "lifecycle_rule": [],
            "logging": [],
            "object_lock_configuration": [],
            "object_lock_enabled": false,
            "policy": "",
            "region": "us-east-1",
            "replication_configuration": [],
            "request_payer": "BucketOwner",
            "server_side_encryption_configuration": [
              {
                "rule": [
                  {
                    "apply_server_side_encryption_by_default": [
                      {
                        "kms_master_key_id": "",
                        "sse_algorithm": "AES256"
                      }
                    ],
                    "bucket_key_enabled": false
                  }
                ]
              }
            ],
            "tags": {
              "Environment": "dev",
              "name": "My Bucket"
            },
            "tags_all": {
              "Environment": "dev",
              "name": "My Bucket"
            },
            "timeouts": null,
            "versioning": [
              {
                "enabled": false,
                "mfa_delete": false
              }
            ],
            "website": [],
            "website_domain": null,
            "website_endpoint": null
          },
          "sensitive_attributes": [],
          "private": "eyJlMmJmYjczMC1lY2FhLTExZTYtOGY4OC0zNDM2M2JjN2M0YzAiOnsiY3JlYXRlIjoxMjAwMDAwMDAwMDAwLCJkZWxldGUiOjM2MDAwMDAwMDAwMDAsInJlYWQiOjEyMDAwMDAwMDAwMDAsInVwZGF0ZSI6MTIwMDAwMDAwMDAwMH19",
          "dependencies": [
            "aws_instance.netflix_app",
            "aws_key_pair.ec2_key",
            "tls_private_key.ec2_key"
          ]
        }
      ]
    },
    {
      "mode": "managed",
      "type": "aws_security_group",
      "name": "netflix_app_sg",
      "provider": "provider[\"registry.terraform.io/hashicorp/aws\"]",
      "instances": [
        {
          "schema_version": 1,
          "attributes": {
            "arn": "arn:aws:ec2:us-east-1:308434761697:security-group/sg-093b157bcc99a7170",
            "description": "Allow SSH and HTTP traffic",
            "egress": [
              {
                "cidr_blocks": [
                  "0.0.0.0/0"
                ],
                "description": "",
                "from_port": 0,
                "ipv6_cidr_blocks": [],
                "prefix_list_ids": [],
                "protocol": "-1",
                "security_groups": [],
                "self": false,
                "to_port": 0
              }
            ],
            "id": "sg-093b157bcc99a7170",
            "ingress": [
              {
                "cidr_blocks": [
                  "0.0.0.0/0"
                ],
                "description": "",
                "from_port": 22,
                "ipv6_cidr_blocks": [],
                "prefix_list_ids": [],
                "protocol": "tcp",
                "security_groups": [],
                "self": false,
                "to_port": 22
              },
              {
                "cidr_blocks": [
                  "0.0.0.0/0"
                ],
                "description": "",
                "from_port": 80,
                "ipv6_cidr_blocks": [],
                "prefix_list_ids": [],
                "protocol": "tcp",
                "security_groups": [],
                "self": false,
                "to_port": 80
              }
            ],
            "name": "ziv-netflix-app-sg",
            "name_prefix": "",
            "owner_id": "308434761697",
            "revoke_rules_on_delete": false,
            "tags": {},
            "tags_all": {},
            "timeouts": null,
            "vpc_id": "vpc-042dce72ed5051462"
          },
          "sensitive_attributes": [],
          "private": "eyJlMmJmYjczMC1lY2FhLTExZTYtOGY4OC0zNDM2M2JjN2M0YzAiOnsiY3JlYXRlIjo2MDAwMDAwMDAwMDAsImRlbGV0ZSI6OTAwMDAwMDAwMDAwfSwic2NoZW1hX3ZlcnNpb24iOiIxIn0="
        }
      ]
    },
    {
      "mode": "managed",
      "type": "local_file",
      "name": "ec2_private_key",
      "provider": "provider[\"registry.terraform.io/hashicorp/local\"]",
      "instances": [
        {
          "schema_version": 0,
          "attributes": {
            "content": "-----BEGIN RSA PRIVATE KEY-----\nMIIEogIBAAKCAQEAnhHkO1rRZC6ljV6KGTWgxThBHW/cLfAKoC1YMPdV42KtQCuB\nWEj2lV4bXqdEwP5RZuxynsGUvQC5mMcdiKDBiESQ+frmahRB+eODr2FrkdksqPrK\nGL7xtdgmwzv4KHbyYpzJNRSp3T8XyEOkaIxtgfeIGawmN89UO9Ir7+MY6yxaql3U\nF6gnpDH+tCnolbacQwlPR6dlBdwQr/EmJGtIISgZnqtTr7xgXswJD8iNkk3kFW4g\nDYSxyR31BwYrI3UsaDqdbXXgTZarrNa9MDebZeA111KuHGstUZnAEkUnvEIJr5MY\nXZP5FuITd82q8pI8LpgGcIV2Fjki0knde8/xqwIDAQABAoIBAAsspp7Pj8fuSEPT\nMB4SHXhzvp6vHricpJOoQPjNM2QswKStrqooFk5+5Z5uYrzl/akyA/RXKQWnfHdh\ndCQJgUT52+ngI9PR9MwOmmuWjn00BiU3/Xt8XCgHzM22epeZuQ7hmJPJDy0V3b+J\nkKDXdJJghl2SPu1pGcJU3EhMHKHbV2buPWIlM9wKir+lU2qYO2cbUy+A2qaiIbza\nBez7RivWsojUwErnQwkmcQ2q5wi2KFc+MNW68S0grG7As0u2wXzXx99d9eEtq5ZQ\nQcCA7P9D8iV1MRNeOx2Nb57klIu34BFP8t9g7LSPhHOBghBxM9a4G8IvzYCErYnz\nKxQ9EyECgYEAxStaxj0QADw5EUoXKHec05UptxhIOWkOcIp6K9qlhqwWbnRgbCfU\nz8p3n310RNq82GJef3BzL53q0DU/3bAbLQzay0YbJWVbNb3tsYjE2shKfC4UoPMh\njbF6eH8GtGVVDwpQl81X2fx0jpF5akxXgLNQ6/M5dyyVOTScSd4gu1ECgYEAzTvz\ngohlihRZI6pGviH88MayxBFPeB1lOhcAPs4ZWWeJ4nJw27mozC147NpwwdvqD1L/\nRHOHQ4E9xvi4+7RUWarDE3U4EjQfkch1/9e0UDb6YOXlAUAXXovQFqfX3yCH33MI\nCAhRHTKeFpugJHi9OyBwr0bk59pvXHU/Oq/a5jsCgYAKTFRmbEQMrxiP9Z22CGFR\nj8XpAUSscvdFG4Z8CeSBXzWguUVcAMyVuc57rxLGkeIxLxoeb+IkR4w/KbjXPF5/\nAN/gpB3A20VjTjM/BZS6lKGHUOTU7z3+Z5ms932DKJPDwFcrRpdjFFOGKsT7r1cW\nqsb8O+zxc4urvDq5hPeSsQKBgF6Mb/KCw8SI+0fi+hQ9tDl4UILjNqkvYaMRVZuZ\ndzQo7uzTrAqNzaXCjSMQv0GP/pRwuAjg8D+5Gqy/iPjsaq+ka5pbNimsuZ5/q1zi\nEr+hlFdvkcCxthJodsT5LgotAmt+owSQUE4TM6FWsMAcn5DNsRwOnQXzK7p8iVSQ\nD1hhAoGAAgBdIUmpnqP26CrqZE3UgBuGg9QYFgSlg8VmXU3pt9iK/MYIuEpoiyFI\n9OJreS3GcVemhzBg4PalSaeh4d+CovhAPXgPLlar6dJl2HzFyaVugRLKoFlxTTqg\nqL8gbK49IOahlFCcyreTVCjY4tzEFwa1T6gRZEJ9XAr47sQ8Mlk=\n-----END RSA PRIVATE KEY-----\n",
            "content_base64": null,
            "content_base64sha256": "aLX5X4cnsfFJmhUXztfzw9en7km+iOnUQzfCADwbZr0=",
            "content_base64sha512": "w21BKEtKPa5Y3Nq9BurLvD2YdS7y3bVR0T46ogfDkzQfg/Zs3Y6qd4/l0Xq6gWZAEYJG/qXqUExs7ItomQdHKw==",
            "content_md5": "326aa139b4b60869274ae82e8c4bf732",
            "content_sha1": "3fed09073152a2513e2a9e21eb2731959d797b9d",
            "content_sha256": "68b5f95f8727b1f1499a1517ced7f3c3d7a7ee49be88e9d44337c2003c1b66bd",
            "content_sha512": "c36d41284b4a3dae58dcdabd06eacbbc3d98752ef2ddb551d13e3aa207c393341f83f66cdd8eaa778fe5d17aba816640118246fea5ea504c6cec8b689907472b",
            "directory_permission": "0777",
            "file_permission": "0777",
            "filename": "./my-ec2-key.pem",
            "id": "3fed09073152a2513e2a9e21eb2731959d797b9d",
            "sensitive_content": null,
            "source": null
          },
          "sensitive_attributes": [
            [
              {
                "type": "get_attr",
                "value": "sensitive_content"
              }
            ],
            [
              {
                "type": "get_attr",
                "value": "content"
              }
            ]
          ],
          "dependencies": [
            "tls_private_key.ec2_key"
          ]
        }
      ]
    },
    {
      "mode": "managed",
      "type": "tls_private_key",
      "name": "ec2_key",
      "provider": "provider[\"registry.terraform.io/hashicorp/tls\"]",
      "instances": [
        {
          "schema_version": 1,
          "attributes": {
            "algorithm": "RSA",
            "ecdsa_curve": "P224",
            "id": "93fa68b8e33aad9f56a531af72a03c01ac541908",
            "private_key_openssh": "-----BEGIN OPENSSH PRIVATE KEY-----\nb3BlbnNzaC1rZXktdjEAAAAABG5vbmUAAAAEbm9uZQAAAAAAAAABAAABFwAAAAdz\nc2gtcnNhAAAAAwEAAQAAAQEAnhHkO1rRZC6ljV6KGTWgxThBHW/cLfAKoC1YMPdV\n42KtQCuBWEj2lV4bXqdEwP5RZuxynsGUvQC5mMcdiKDBiESQ+frmahRB+eODr2Fr\nkdksqPrKGL7xtdgmwzv4KHbyYpzJNRSp3T8XyEOkaIxtgfeIGawmN89UO9Ir7+MY\n6yxaql3UF6gnpDH+tCnolbacQwlPR6dlBdwQr/EmJGtIISgZnqtTr7xgXswJD8iN\nkk3kFW4gDYSxyR31BwYrI3UsaDqdbXXgTZarrNa9MDebZeA111KuHGstUZnAEkUn\nvEIJr5MYXZP5FuITd82q8pI8LpgGcIV2Fjki0knde8/xqwAAA7hw82pgcPNqYAAA\nAAdzc2gtcnNhAAABAQCeEeQ7WtFkLqWNXooZNaDFOEEdb9wt8AqgLVgw91XjYq1A\nK4FYSPaVXhtep0TA/lFm7HKewZS9ALmYxx2IoMGIRJD5+uZqFEH544OvYWuR2Syo\n+soYvvG12CbDO/godvJinMk1FKndPxfIQ6RojG2B94gZrCY3z1Q70ivv4xjrLFqq\nXdQXqCekMf60KeiVtpxDCU9Hp2UF3BCv8SYka0ghKBmeq1OvvGBezAkPyI2STeQV\nbiANhLHJHfUHBisjdSxoOp1tdeBNlqus1r0wN5tl4DXXUq4cay1RmcASRSe8Qgmv\nkxhdk/kW4hN3zarykjwumAZwhXYWOSLSSd17z/GrAAAAAwEAAQAAAQALLKaez4/H\n7khD0zAeEh14c76erx64nKSTqED4zTNkLMCkra6qKBZOfuWebmK85f2pMgP0VykF\np3x3YXQkCYFE+dvp4CPT0fTMDpprlo59NAYlN/17fFwoB8zNtnqXmbkO4ZiTyQ8t\nFd2/iZCg13SSYIZdkj7taRnCVNxITByh21dm7j1iJTPcCoq/pVNqmDtnG1MvgNqm\noiG82gXs+0Yr1rKI1MBK50MJJnENqucItihXPjDVuvEtIKxuwLNLtsF818ffXfXh\nLauWUEHAgOz/Q/IldTETXjsdjW+e5JSLt+ART/LfYOy0j4RzgYIQcTPWuBvCL82A\nhK2J8ysUPRMhAAAAgAIAXSFJqZ6j9ugq6mRN1IAbhoPUGBYEpYPFZl1N6bfYivzG\nCLhKaIshSPTia3ktxnFXpocwYOD2pUmnoeHfgqL4QD14Dy5Wq+nSZdh8xcmlboES\nyqBZcU06oKi/IGyuPSDmoZRQnMq3k1Qo2OLcxBcGtU+oEWRCfVwK+O7EPDJZAAAA\ngQDFK1rGPRAAPDkRShcod5zTlSm3GEg5aQ5winor2qWGrBZudGBsJ9TPyneffXRE\n2rzYYl5/cHMvnerQNT/dsBstDNrLRhslZVs1ve2xiMTayEp8LhSg8yGNsXp4fwa0\nZVUPClCXzVfZ/HSOkXlqTFeAs1Dr8zl3LJU5NJxJ3iC7UQAAAIEAzTvzgohlihRZ\nI6pGviH88MayxBFPeB1lOhcAPs4ZWWeJ4nJw27mozC147NpwwdvqD1L/RHOHQ4E9\nxvi4+7RUWarDE3U4EjQfkch1/9e0UDb6YOXlAUAXXovQFqfX3yCH33MICAhRHTKe\nFpugJHi9OyBwr0bk59pvXHU/Oq/a5jsAAAAAAQID\n-----END OPENSSH PRIVATE KEY-----\n",
            "private_key_pem": "-----BEGIN RSA PRIVATE KEY-----\nMIIEogIBAAKCAQEAnhHkO1rRZC6ljV6KGTWgxThBHW/cLfAKoC1YMPdV42KtQCuB\nWEj2lV4bXqdEwP5RZuxynsGUvQC5mMcdiKDBiESQ+frmahRB+eODr2FrkdksqPrK\nGL7xtdgmwzv4KHbyYpzJNRSp3T8XyEOkaIxtgfeIGawmN89UO9Ir7+MY6yxaql3U\nF6gnpDH+tCnolbacQwlPR6dlBdwQr/EmJGtIISgZnqtTr7xgXswJD8iNkk3kFW4g\nDYSxyR31BwYrI3UsaDqdbXXgTZarrNa9MDebZeA111KuHGstUZnAEkUnvEIJr5MY\nXZP5FuITd82q8pI8LpgGcIV2Fjki0knde8/xqwIDAQABAoIBAAsspp7Pj8fuSEPT\nMB4SHXhzvp6vHricpJOoQPjNM2QswKStrqooFk5+5Z5uYrzl/akyA/RXKQWnfHdh\ndCQJgUT52+ngI9PR9MwOmmuWjn00BiU3/Xt8XCgHzM22epeZuQ7hmJPJDy0V3b+J\nkKDXdJJghl2SPu1pGcJU3EhMHKHbV2buPWIlM9wKir+lU2qYO2cbUy+A2qaiIbza\nBez7RivWsojUwErnQwkmcQ2q5wi2KFc+MNW68S0grG7As0u2wXzXx99d9eEtq5ZQ\nQcCA7P9D8iV1MRNeOx2Nb57klIu34BFP8t9g7LSPhHOBghBxM9a4G8IvzYCErYnz\nKxQ9EyECgYEAxStaxj0QADw5EUoXKHec05UptxhIOWkOcIp6K9qlhqwWbnRgbCfU\nz8p3n310RNq82GJef3BzL53q0DU/3bAbLQzay0YbJWVbNb3tsYjE2shKfC4UoPMh\njbF6eH8GtGVVDwpQl81X2fx0jpF5akxXgLNQ6/M5dyyVOTScSd4gu1ECgYEAzTvz\ngohlihRZI6pGviH88MayxBFPeB1lOhcAPs4ZWWeJ4nJw27mozC147NpwwdvqD1L/\nRHOHQ4E9xvi4+7RUWarDE3U4EjQfkch1/9e0UDb6YOXlAUAXXovQFqfX3yCH33MI\nCAhRHTKeFpugJHi9OyBwr0bk59pvXHU/Oq/a5jsCgYAKTFRmbEQMrxiP9Z22CGFR\nj8XpAUSscvdFG4Z8CeSBXzWguUVcAMyVuc57rxLGkeIxLxoeb+IkR4w/KbjXPF5/\nAN/gpB3A20VjTjM/BZS6lKGHUOTU7z3+Z5ms932DKJPDwFcrRpdjFFOGKsT7r1cW\nqsb8O+zxc4urvDq5hPeSsQKBgF6Mb/KCw8SI+0fi+hQ9tDl4UILjNqkvYaMRVZuZ\ndzQo7uzTrAqNzaXCjSMQv0GP/pRwuAjg8D+5Gqy/iPjsaq+ka5pbNimsuZ5/q1zi\nEr+hlFdvkcCxthJodsT5LgotAmt+owSQUE4TM6FWsMAcn5DNsRwOnQXzK7p8iVSQ\nD1hhAoGAAgBdIUmpnqP26CrqZE3UgBuGg9QYFgSlg8VmXU3pt9iK/MYIuEpoiyFI\n9OJreS3GcVemhzBg4PalSaeh4d+CovhAPXgPLlar6dJl2HzFyaVugRLKoFlxTTqg\nqL8gbK49IOahlFCcyreTVCjY4tzEFwa1T6gRZEJ9XAr47sQ8Mlk=\n-----END RSA PRIVATE KEY-----\n",
            "private_key_pem_pkcs8": "-----BEGIN PRIVATE KEY-----\nMIIEvAIBADANBgkqhkiG9w0BAQEFAASCBKYwggSiAgEAAoIBAQCeEeQ7WtFkLqWN\nXooZNaDFOEEdb9wt8AqgLVgw91XjYq1AK4FYSPaVXhtep0TA/lFm7HKewZS9ALmY\nxx2IoMGIRJD5+uZqFEH544OvYWuR2Syo+soYvvG12CbDO/godvJinMk1FKndPxfI\nQ6RojG2B94gZrCY3z1Q70ivv4xjrLFqqXdQXqCekMf60KeiVtpxDCU9Hp2UF3BCv\n8SYka0ghKBmeq1OvvGBezAkPyI2STeQVbiANhLHJHfUHBisjdSxoOp1tdeBNlqus\n1r0wN5tl4DXXUq4cay1RmcASRSe8Qgmvkxhdk/kW4hN3zarykjwumAZwhXYWOSLS\nSd17z/GrAgMBAAECggEACyymns+Px+5IQ9MwHhIdeHO+nq8euJykk6hA+M0zZCzA\npK2uqigWTn7lnm5ivOX9qTID9FcpBad8d2F0JAmBRPnb6eAj09H0zA6aa5aOfTQG\nJTf9e3xcKAfMzbZ6l5m5DuGYk8kPLRXdv4mQoNd0kmCGXZI+7WkZwlTcSEwcodtX\nZu49YiUz3AqKv6VTapg7ZxtTL4DapqIhvNoF7PtGK9ayiNTASudDCSZxDarnCLYo\nVz4w1brxLSCsbsCzS7bBfNfH31314S2rllBBwIDs/0PyJXUxE147HY1vnuSUi7fg\nEU/y32DstI+Ec4GCEHEz1rgbwi/NgIStifMrFD0TIQKBgQDFK1rGPRAAPDkRShco\nd5zTlSm3GEg5aQ5winor2qWGrBZudGBsJ9TPyneffXRE2rzYYl5/cHMvnerQNT/d\nsBstDNrLRhslZVs1ve2xiMTayEp8LhSg8yGNsXp4fwa0ZVUPClCXzVfZ/HSOkXlq\nTFeAs1Dr8zl3LJU5NJxJ3iC7UQKBgQDNO/OCiGWKFFkjqka+IfzwxrLEEU94HWU6\nFwA+zhlZZ4nicnDbuajMLXjs2nDB2+oPUv9Ec4dDgT3G+Lj7tFRZqsMTdTgSNB+R\nyHX/17RQNvpg5eUBQBdei9AWp9ffIIffcwgICFEdMp4Wm6AkeL07IHCvRuTn2m9c\ndT86r9rmOwKBgApMVGZsRAyvGI/1nbYIYVGPxekBRKxy90UbhnwJ5IFfNaC5RVwA\nzJW5znuvEsaR4jEvGh5v4iRHjD8puNc8Xn8A3+CkHcDbRWNOMz8FlLqUoYdQ5NTv\nPf5nmaz3fYMok8PAVytGl2MUU4YqxPuvVxaqxvw77PFzi6u8OrmE95KxAoGAXoxv\n8oLDxIj7R+L6FD20OXhQguM2qS9hoxFVm5l3NCju7NOsCo3NpcKNIxC/QY/+lHC4\nCODwP7karL+I+Oxqr6Rrmls2Kay5nn+rXOISv6GUV2+RwLG2Emh2xPkuCi0Ca36j\nBJBQThMzoVawwByfkM2xHA6dBfMrunyJVJAPWGECgYACAF0hSameo/boKupkTdSA\nG4aD1BgWBKWDxWZdTem32Ir8xgi4SmiLIUj04mt5LcZxV6aHMGDg9qVJp6Hh34Ki\n+EA9eA8uVqvp0mXYfMXJpW6BEsqgWXFNOqCovyBsrj0g5qGUUJzKt5NUKNji3MQX\nBrVPqBFkQn1cCvjuxDwyWQ==\n-----END PRIVATE KEY-----\n",
            "public_key_fingerprint_md5": "6d:e0:40:bf:08:86:ed:18:2a:bb:43:3e:44:02:e4:76",
            "public_key_fingerprint_sha256": "SHA256:ttFDA8b4k3tQvf+sRnfEbibz/F4kJV8hYKWfJYSDank",
            "public_key_openssh": "ssh-rsa AAAAB3NzaC1yc2EAAAADAQABAAABAQCeEeQ7WtFkLqWNXooZNaDFOEEdb9wt8AqgLVgw91XjYq1AK4FYSPaVXhtep0TA/lFm7HKewZS9ALmYxx2IoMGIRJD5+uZqFEH544OvYWuR2Syo+soYvvG12CbDO/godvJinMk1FKndPxfIQ6RojG2B94gZrCY3z1Q70ivv4xjrLFqqXdQXqCekMf60KeiVtpxDCU9Hp2UF3BCv8SYka0ghKBmeq1OvvGBezAkPyI2STeQVbiANhLHJHfUHBisjdSxoOp1tdeBNlqus1r0wN5tl4DXXUq4cay1RmcASRSe8Qgmvkxhdk/kW4hN3zarykjwumAZwhXYWOSLSSd17z/Gr\n",
            "public_key_pem": "-----BEGIN PUBLIC KEY-----\nMIIBIjANBgkqhkiG9w0BAQEFAAOCAQ8AMIIBCgKCAQEAnhHkO1rRZC6ljV6KGTWg\nxThBHW/cLfAKoC1YMPdV42KtQCuBWEj2lV4bXqdEwP5RZuxynsGUvQC5mMcdiKDB\niESQ+frmahRB+eODr2FrkdksqPrKGL7xtdgmwzv4KHbyYpzJNRSp3T8XyEOkaIxt\ngfeIGawmN89UO9Ir7+MY6yxaql3UF6gnpDH+tCnolbacQwlPR6dlBdwQr/EmJGtI\nISgZnqtTr7xgXswJD8iNkk3kFW4gDYSxyR31BwYrI3UsaDqdbXXgTZarrNa9MDeb\nZeA111KuHGstUZnAEkUnvEIJr5MYXZP5FuITd82q8pI8LpgGcIV2Fjki0knde8/x\nqwIDAQAB\n-----END PUBLIC KEY-----\n",
            "rsa_bits": 2048
          },
          "sensitive_attributes": [
            [
              {
                "type": "get_attr",
                "value": "private_key_pem_pkcs8"
              }
            ],
            [
              {
                "type": "get_attr",
                "value": "private_key_openssh"
              }
            ],
            [
              {
                "type": "get_attr",
                "value": "private_key_pem"
              }
            ]
          ]
        }
      ]
    }
  ],
  "check_results": null
}
