{
  "version": 4,
  "terraform_version": "1.9.8",
  "serial": 16,
  "lineage": "616de653-c9d0-ebdc-de34-a6db423b140e",
  "outputs": {},
  "resources": [
    {
      "mode": "managed",
      "type": "aws_instance",
      "name": "netflix_app",
      "provider": "provider[\"registry.terraform.io/hashicorp/aws\"]",
      "instances": [
        {
          "schema_version": 1,
          "attributes": {
            "ami": "ami-06b21ccaeff8cd686",
            "arn": "arn:aws:ec2:us-east-1:308434761697:instance/i-0fa38eb73fc6c1a3e",
            "associate_public_ip_address": true,
            "availability_zone": "us-east-1d",
            "capacity_reservation_specification": [
              {
                "capacity_reservation_preference": "open",
                "capacity_reservation_target": []
              }
            ],
            "cpu_core_count": 1,
            "cpu_options": [
              {
                "amd_sev_snp": "",
                "core_count": 1,
                "threads_per_core": 1
              }
            ],
            "cpu_threads_per_core": 1,
            "credit_specification": [
              {
                "cpu_credits": "standard"
              }
            ],
            "disable_api_stop": false,
            "disable_api_termination": false,
            "ebs_block_device": [],
            "ebs_optimized": false,
            "enclave_options": [
              {
                "enabled": false
              }
            ],
            "ephemeral_block_device": [],
            "get_password_data": false,
            "hibernation": false,
            "host_id": "",
            "host_resource_group_arn": null,
            "iam_instance_profile": "",
            "id": "i-0fa38eb73fc6c1a3e",
            "instance_initiated_shutdown_behavior": "stop",
            "instance_lifecycle": "",
            "instance_market_options": [],
            "instance_state": "running",
            "instance_type": "t2.micro",
            "ipv6_address_count": 0,
            "ipv6_addresses": [],
            "key_name": "",
            "launch_template": [],
            "maintenance_options": [
              {
                "auto_recovery": "default"
              }
            ],
            "metadata_options": [
              {
                "http_endpoint": "enabled",
                "http_protocol_ipv6": "disabled",
                "http_put_response_hop_limit": 2,
                "http_tokens": "required",
                "instance_metadata_tags": "disabled"
              }
            ],
            "monitoring": false,
            "network_interface": [],
            "outpost_arn": "",
            "password_data": "",
            "placement_group": "",
            "placement_partition_number": 0,
            "primary_network_interface_id": "eni-018493d6efd2e33f0",
            "private_dns": "ip-172-31-34-23.ec2.internal",
            "private_dns_name_options": [
              {
                "enable_resource_name_dns_a_record": false,
                "enable_resource_name_dns_aaaa_record": false,
                "hostname_type": "ip-name"
              }
            ],
            "private_ip": "172.31.34.23",
            "public_dns": "ec2-18-206-190-14.compute-1.amazonaws.com",
            "public_ip": "18.206.190.14",
            "root_block_device": [
              {
                "delete_on_termination": true,
                "device_name": "/dev/xvda",
                "encrypted": false,
                "iops": 3000,
                "kms_key_id": "",
                "tags": {},
                "tags_all": {},
                "throughput": 125,
                "volume_id": "vol-0f51d2e00e1d29750",
                "volume_size": 8,
                "volume_type": "gp3"
              }
            ],
            "secondary_private_ips": [],
            "security_groups": [
              "default"
            ],
            "source_dest_check": true,
            "spot_instance_request_id": "",
            "subnet_id": "subnet-07daaf892552367a2",
            "tags": {
              "Env": "dev",
              "Name": "netflix-app"
            },
            "tags_all": {
              "Env": "dev",
              "Name": "netflix-app"
            },
            "tenancy": "default",
            "timeouts": null,
            "user_data": null,
            "user_data_base64": null,
            "user_data_replace_on_change": false,
            "volume_tags": null,
            "vpc_security_group_ids": [
              "sg-0e9771fb274d231cf"
            ]
          },
          "sensitive_attributes": [],
          "private": "eyJlMmJmYjczMC1lY2FhLTExZTYtOGY4OC0zNDM2M2JjN2M0YzAiOnsiY3JlYXRlIjo2MDAwMDAwMDAwMDAsImRlbGV0ZSI6MTIwMDAwMDAwMDAwMCwicmVhZCI6OTAwMDAwMDAwMDAwLCJ1cGRhdGUiOjYwMDAwMDAwMDAwMH0sInNjaGVtYV92ZXJzaW9uIjoiMSJ9"
        }
      ]
    },
    {
      "mode": "managed",
      "type": "aws_key_pair",
      "name": "ec2_key",
      "provider": "provider[\"registry.terraform.io/hashicorp/aws\"]",
      "instances": [
        {
          "schema_version": 1,
          "attributes": {
            "arn": "arn:aws:ec2:us-east-1:308434761697:key-pair/my-ec2-key",
            "fingerprint": "2e:e2:4a:8c:40:b3:44:19:5a:c4:73:94:d6:ec:93:9d",
            "id": "my-ec2-key",
            "key_name": "my-ec2-key",
            "key_name_prefix": "",
            "key_pair_id": "key-02b7be96078915a0f",
            "key_type": "rsa",
            "public_key": "ssh-rsa AAAAB3NzaC1yc2EAAAADAQABAAABAQDeYO+Uizc84Azro3qpG2YTsMwvz04bRTQcsg7LhGtvXlKelpvEmHohVs6V7+YmgVRy2qvcGkq+rtY968F4KmW7ssn3WK/pom1rRZZv2YHJgoztReaibW3W4d2jWA6hm7KJMEgb6QTxBewmDDP05GAse9DM8NUXoDxlbyNbW14YzirYFhHJgXpsm85Yzmx1daPfigcMfIEodTnrfyMjgedzieUOi5OvH3/sO/4835jkNrkOQ4A+xh90UgOhN5EitbZBGpyueahefWql/vKH7WM2loeUFz45qg9RNEEZny40hELoI6652QNUT85CWbSpQm8/5/360I5JNIx40JDsmEDJ",
            "tags": null,
            "tags_all": {}
          },
          "sensitive_attributes": [],
          "private": "eyJzY2hlbWFfdmVyc2lvbiI6IjEifQ==",
          "dependencies": [
            "tls_private_key.ec2_key"
          ]
        }
      ]
    },
    {
      "mode": "managed",
      "type": "aws_security_group",
      "name": "netflix_app_sg",
      "provider": "provider[\"registry.terraform.io/hashicorp/aws\"]",
      "instances": [
        {
          "schema_version": 1,
          "attributes": {
            "arn": "arn:aws:ec2:us-east-1:308434761697:security-group/sg-0dc1b23a57cf280d9",
            "description": "Allow SSH and HTTP traffic",
            "egress": [
              {
                "cidr_blocks": [
                  "0.0.0.0/0"
                ],
                "description": "",
                "from_port": 0,
                "ipv6_cidr_blocks": [],
                "prefix_list_ids": [],
                "protocol": "-1",
                "security_groups": [],
                "self": false,
                "to_port": 0
              }
            ],
            "id": "sg-0dc1b23a57cf280d9",
            "ingress": [
              {
                "cidr_blocks": [
                  "0.0.0.0/0"
                ],
                "description": "",
                "from_port": 22,
                "ipv6_cidr_blocks": [],
                "prefix_list_ids": [],
                "protocol": "tcp",
                "security_groups": [],
                "self": false,
                "to_port": 22
              },
              {
                "cidr_blocks": [
                  "0.0.0.0/0"
                ],
                "description": "",
                "from_port": 80,
                "ipv6_cidr_blocks": [],
                "prefix_list_ids": [],
                "protocol": "tcp",
                "security_groups": [],
                "self": false,
                "to_port": 80
              }
            ],
            "name": "ziv-netflix-app-sg",
            "name_prefix": "",
            "owner_id": "308434761697",
            "revoke_rules_on_delete": false,
            "tags": {},
            "tags_all": {},
            "timeouts": null,
            "vpc_id": "vpc-042dce72ed5051462"
          },
          "sensitive_attributes": [],
          "private": "eyJlMmJmYjczMC1lY2FhLTExZTYtOGY4OC0zNDM2M2JjN2M0YzAiOnsiY3JlYXRlIjo2MDAwMDAwMDAwMDAsImRlbGV0ZSI6OTAwMDAwMDAwMDAwfSwic2NoZW1hX3ZlcnNpb24iOiIxIn0="
        }
      ]
    },
    {
      "mode": "managed",
      "type": "local_file",
      "name": "ec2_private_key",
      "provider": "provider[\"registry.terraform.io/hashicorp/local\"]",
      "instances": [
        {
          "schema_version": 0,
          "attributes": {
            "content": "-----BEGIN RSA PRIVATE KEY-----\nMIIEpQIBAAKCAQEA3mDvlIs3POAM66N6qRtmE7DML89OG0U0HLIOy4Rrb15Snpab\nxJh6IVbOle/mJoFUctqr3BpKvq7WPevBeCplu7LJ91iv6aJta0WWb9mByYKM7UXm\nom1t1uHdo1gOoZuyiTBIG+kE8QXsJgwz9ORgLHvQzPDVF6A8ZW8jW1teGM4q2BYR\nyYF6bJvOWM5sdXWj34oHDHyBKHU5638jI4Hnc4nlDouTrx9/7Dv+PN+Y5Da5DkOA\nPsYfdFIDoTeRIrW2QRqcrnmoXn1qpf7yh+1jNpaHlBc+OaoPUTRBGZ8uNIRC6COu\nudkDVE/OQlm0qUJvP+f9+tCOSTSMeNCQ7JhAyQIDAQABAoIBAQCL03fRdxfsdxSo\ntcpSup+ckfZRuY/rJcB2qp8S6NiE1lIs1ZZsL1Pb0rFjJc0ZOQjYjxaw9vc4nsan\neK3V2RLOysSjemhiB3e1k7Pb8G/jPOtP5jv2tcfy7WJnat8ITtYb3Pf6VLJ+urKZ\n2eJxgYfXcKMBugzDJkXToeYhc3nfLdciBIRaqA4OdWoFCcw7nSwmczr7d8CvrcCV\nMnzwbjl17/BCq0UQ34ap6bv/0JA75T1bC4wNoKKcvGW5Mq6NXHVDlXLsN0EHh01x\nt58zQI2wuhCyED77G4F1A4JEjE1A7ejCCBUSCjJtMOqV/KO6XZ8KHmTSLV9XiIIa\nqf6ExBwBAoGBAPXr0r4mp7XgluVxJLCFF/0BSmGpOzI1vxAODDKpD9dAE/d//8IJ\ncQtDfnnlg1Enx2VGCsUyrqq/PbeVq07A0VMVaKYuvWCz7+ftgc+a817+rMaz6isA\nL6xV2Z42ncpCQqqxPFJoTKnRuATF9pwfN39c5M0EMpFKC42Ll9ZWxCkxAoGBAOd+\nG22u/+HtqATrhA3op1tnBjwVXBIFQlA242UnVDtp0qDBaoWuZmUYKcZIRfcL+Bdl\nXVCVoSuqf+FbKc6VT97FpWX2s5mHNvQgrSPaJGdo6vywD78DcJFMVSyAzxVwX3QI\nraph9Bf1+TLa0fbAAe7LhU9gKhSffYYWpSo3lSsZAoGBAJuA2Ez3InumnaROLDYW\novmQNFmW6mCwjbV4PIxYTTT+RuHtJWusDrhhoHsx/xx1O+e1J6BUkRBVR5Br6tws\nnvCbjAXxbjzU6zHMBJajU5tRDS3EnKE+R+cAjlA2FwbLaV6IHi252ChV/be++lb0\ngmJd+iwNqHAo0y9ZAtU9HmMxAoGAXdkhM4lT0Xswt7XnVmAwoPyWaXtbVS7uoGhw\nLc0Q9/lB28wt7D404t016l3Yh3xBuvJsL0RKD9LSf0EfJNIhjDXihQDL9Pz9SWGJ\n79P7GDVPttuFtrGlTDJ/AUjDK3TgLcFq7n1BoQkmWvidUIStA+tcgz6AMNYr5FV/\n5iqcfdkCgYEA8oIab1zsmLhxfJ4uFWlrEKG7iuBRyoasoE04Ml3a6LvxCMpyNTrz\nSP1uW64xkmI2dsI3+rSwDaIMhaXObW1m/BN/jE+yoO8NNiYidl9I0g9NUreFrZep\nSpFBaDBR6oPyqf3YxQ9T5dAQarKUVArNOHT+wOPmiCWxviPLjgrl1Ao=\n-----END RSA PRIVATE KEY-----\n",
            "content_base64": null,
            "content_base64sha256": "0AA+n2rX7LI8mWDOg8F9TJMVClYbRc7INsKPJp4z2Fc=",
            "content_base64sha512": "pmYW87Qj5ZEwApJJ7WuVQEtZUx6O358rHDgpscgw6EWmwvFVA/kMKaAaAWGbpi37AMB00c+NrTEBVOLYs5G/1g==",
            "content_md5": "265417bac3a7f130f020859501cbf52f",
            "content_sha1": "444bb96a131f62565b9eda908fa98d817a75941f",
            "content_sha256": "d0003e9f6ad7ecb23c9960ce83c17d4c93150a561b45cec836c28f269e33d857",
            "content_sha512": "a66616f3b423e59130029249ed6b95404b59531e8edf9f2b1c3829b1c830e845a6c2f15503f90c29a01a01619ba62dfb00c074d1cf8dad310154e2d8b391bfd6",
            "directory_permission": "0777",
            "file_permission": "0777",
            "filename": "./my-ec2-key.pem",
            "id": "444bb96a131f62565b9eda908fa98d817a75941f",
            "sensitive_content": null,
            "source": null
          },
          "sensitive_attributes": [
            [
              {
                "type": "get_attr",
                "value": "sensitive_content"
              }
            ],
            [
              {
                "type": "get_attr",
                "value": "content"
              }
            ]
          ],
          "dependencies": [
            "tls_private_key.ec2_key"
          ]
        }
      ]
    },
    {
      "mode": "managed",
      "type": "tls_private_key",
      "name": "ec2_key",
      "provider": "provider[\"registry.terraform.io/hashicorp/tls\"]",
      "instances": [
        {
          "schema_version": 1,
          "attributes": {
            "algorithm": "RSA",
            "ecdsa_curve": "P224",
            "id": "2cbfcad912b1de380d52cada33988277b123413b",
            "private_key_openssh": "-----BEGIN OPENSSH PRIVATE KEY-----\nb3BlbnNzaC1rZXktdjEAAAAABG5vbmUAAAAEbm9uZQAAAAAAAAABAAABFwAAAAdz\nc2gtcnNhAAAAAwEAAQAAAQEA3mDvlIs3POAM66N6qRtmE7DML89OG0U0HLIOy4Rr\nb15SnpabxJh6IVbOle/mJoFUctqr3BpKvq7WPevBeCplu7LJ91iv6aJta0WWb9mB\nyYKM7UXmom1t1uHdo1gOoZuyiTBIG+kE8QXsJgwz9ORgLHvQzPDVF6A8ZW8jW1te\nGM4q2BYRyYF6bJvOWM5sdXWj34oHDHyBKHU5638jI4Hnc4nlDouTrx9/7Dv+PN+Y\n5Da5DkOAPsYfdFIDoTeRIrW2QRqcrnmoXn1qpf7yh+1jNpaHlBc+OaoPUTRBGZ8u\nNIRC6COuudkDVE/OQlm0qUJvP+f9+tCOSTSMeNCQ7JhAyQAAA7hiySA8YskgPAAA\nAAdzc2gtcnNhAAABAQDeYO+Uizc84Azro3qpG2YTsMwvz04bRTQcsg7LhGtvXlKe\nlpvEmHohVs6V7+YmgVRy2qvcGkq+rtY968F4KmW7ssn3WK/pom1rRZZv2YHJgozt\nReaibW3W4d2jWA6hm7KJMEgb6QTxBewmDDP05GAse9DM8NUXoDxlbyNbW14YzirY\nFhHJgXpsm85Yzmx1daPfigcMfIEodTnrfyMjgedzieUOi5OvH3/sO/4835jkNrkO\nQ4A+xh90UgOhN5EitbZBGpyueahefWql/vKH7WM2loeUFz45qg9RNEEZny40hELo\nI6652QNUT85CWbSpQm8/5/360I5JNIx40JDsmEDJAAAAAwEAAQAAAQEAi9N30XcX\n7HcUqLXKUrqfnJH2UbmP6yXAdqqfEujYhNZSLNWWbC9T29KxYyXNGTkI2I8WsPb3\nOJ7Gp3it1dkSzsrEo3poYgd3tZOz2/Bv4zzrT+Y79rXH8u1iZ2rfCE7WG9z3+lSy\nfrqymdnicYGH13CjAboMwyZF06HmIXN53y3XIgSEWqgODnVqBQnMO50sJnM6+3fA\nr63AlTJ88G45de/wQqtFEN+Gqem7/9CQO+U9WwuMDaCinLxluTKujVx1Q5Vy7DdB\nB4dNcbefM0CNsLoQshA++xuBdQOCRIxNQO3owggVEgoybTDqlfyjul2fCh5k0i1f\nV4iCGqn+hMQcAQAAAIEA8oIab1zsmLhxfJ4uFWlrEKG7iuBRyoasoE04Ml3a6Lvx\nCMpyNTrzSP1uW64xkmI2dsI3+rSwDaIMhaXObW1m/BN/jE+yoO8NNiYidl9I0g9N\nUreFrZepSpFBaDBR6oPyqf3YxQ9T5dAQarKUVArNOHT+wOPmiCWxviPLjgrl1AoA\nAACBAPXr0r4mp7XgluVxJLCFF/0BSmGpOzI1vxAODDKpD9dAE/d//8IJcQtDfnnl\ng1Enx2VGCsUyrqq/PbeVq07A0VMVaKYuvWCz7+ftgc+a817+rMaz6isAL6xV2Z42\nncpCQqqxPFJoTKnRuATF9pwfN39c5M0EMpFKC42Ll9ZWxCkxAAAAgQDnfhttrv/h\n7agE64QN6KdbZwY8FVwSBUJQNuNlJ1Q7adKgwWqFrmZlGCnGSEX3C/gXZV1QlaEr\nqn/hWynOlU/exaVl9rOZhzb0IK0j2iRnaOr8sA+/A3CRTFUsgM8VcF90CK2qYfQX\n9fky2tH2wAHuy4VPYCoUn32GFqUqN5UrGQAAAAAB\n-----END OPENSSH PRIVATE KEY-----\n",
            "private_key_pem": "-----BEGIN RSA PRIVATE KEY-----\nMIIEpQIBAAKCAQEA3mDvlIs3POAM66N6qRtmE7DML89OG0U0HLIOy4Rrb15Snpab\nxJh6IVbOle/mJoFUctqr3BpKvq7WPevBeCplu7LJ91iv6aJta0WWb9mByYKM7UXm\nom1t1uHdo1gOoZuyiTBIG+kE8QXsJgwz9ORgLHvQzPDVF6A8ZW8jW1teGM4q2BYR\nyYF6bJvOWM5sdXWj34oHDHyBKHU5638jI4Hnc4nlDouTrx9/7Dv+PN+Y5Da5DkOA\nPsYfdFIDoTeRIrW2QRqcrnmoXn1qpf7yh+1jNpaHlBc+OaoPUTRBGZ8uNIRC6COu\nudkDVE/OQlm0qUJvP+f9+tCOSTSMeNCQ7JhAyQIDAQABAoIBAQCL03fRdxfsdxSo\ntcpSup+ckfZRuY/rJcB2qp8S6NiE1lIs1ZZsL1Pb0rFjJc0ZOQjYjxaw9vc4nsan\neK3V2RLOysSjemhiB3e1k7Pb8G/jPOtP5jv2tcfy7WJnat8ITtYb3Pf6VLJ+urKZ\n2eJxgYfXcKMBugzDJkXToeYhc3nfLdciBIRaqA4OdWoFCcw7nSwmczr7d8CvrcCV\nMnzwbjl17/BCq0UQ34ap6bv/0JA75T1bC4wNoKKcvGW5Mq6NXHVDlXLsN0EHh01x\nt58zQI2wuhCyED77G4F1A4JEjE1A7ejCCBUSCjJtMOqV/KO6XZ8KHmTSLV9XiIIa\nqf6ExBwBAoGBAPXr0r4mp7XgluVxJLCFF/0BSmGpOzI1vxAODDKpD9dAE/d//8IJ\ncQtDfnnlg1Enx2VGCsUyrqq/PbeVq07A0VMVaKYuvWCz7+ftgc+a817+rMaz6isA\nL6xV2Z42ncpCQqqxPFJoTKnRuATF9pwfN39c5M0EMpFKC42Ll9ZWxCkxAoGBAOd+\nG22u/+HtqATrhA3op1tnBjwVXBIFQlA242UnVDtp0qDBaoWuZmUYKcZIRfcL+Bdl\nXVCVoSuqf+FbKc6VT97FpWX2s5mHNvQgrSPaJGdo6vywD78DcJFMVSyAzxVwX3QI\nraph9Bf1+TLa0fbAAe7LhU9gKhSffYYWpSo3lSsZAoGBAJuA2Ez3InumnaROLDYW\novmQNFmW6mCwjbV4PIxYTTT+RuHtJWusDrhhoHsx/xx1O+e1J6BUkRBVR5Br6tws\nnvCbjAXxbjzU6zHMBJajU5tRDS3EnKE+R+cAjlA2FwbLaV6IHi252ChV/be++lb0\ngmJd+iwNqHAo0y9ZAtU9HmMxAoGAXdkhM4lT0Xswt7XnVmAwoPyWaXtbVS7uoGhw\nLc0Q9/lB28wt7D404t016l3Yh3xBuvJsL0RKD9LSf0EfJNIhjDXihQDL9Pz9SWGJ\n79P7GDVPttuFtrGlTDJ/AUjDK3TgLcFq7n1BoQkmWvidUIStA+tcgz6AMNYr5FV/\n5iqcfdkCgYEA8oIab1zsmLhxfJ4uFWlrEKG7iuBRyoasoE04Ml3a6LvxCMpyNTrz\nSP1uW64xkmI2dsI3+rSwDaIMhaXObW1m/BN/jE+yoO8NNiYidl9I0g9NUreFrZep\nSpFBaDBR6oPyqf3YxQ9T5dAQarKUVArNOHT+wOPmiCWxviPLjgrl1Ao=\n-----END RSA PRIVATE KEY-----\n",
            "private_key_pem_pkcs8": "-----BEGIN PRIVATE KEY-----\nMIIEvwIBADANBgkqhkiG9w0BAQEFAASCBKkwggSlAgEAAoIBAQDeYO+Uizc84Azr\no3qpG2YTsMwvz04bRTQcsg7LhGtvXlKelpvEmHohVs6V7+YmgVRy2qvcGkq+rtY9\n68F4KmW7ssn3WK/pom1rRZZv2YHJgoztReaibW3W4d2jWA6hm7KJMEgb6QTxBewm\nDDP05GAse9DM8NUXoDxlbyNbW14YzirYFhHJgXpsm85Yzmx1daPfigcMfIEodTnr\nfyMjgedzieUOi5OvH3/sO/4835jkNrkOQ4A+xh90UgOhN5EitbZBGpyueahefWql\n/vKH7WM2loeUFz45qg9RNEEZny40hELoI6652QNUT85CWbSpQm8/5/360I5JNIx4\n0JDsmEDJAgMBAAECggEBAIvTd9F3F+x3FKi1ylK6n5yR9lG5j+slwHaqnxLo2ITW\nUizVlmwvU9vSsWMlzRk5CNiPFrD29ziexqd4rdXZEs7KxKN6aGIHd7WTs9vwb+M8\n60/mO/a1x/LtYmdq3whO1hvc9/pUsn66spnZ4nGBh9dwowG6DMMmRdOh5iFzed8t\n1yIEhFqoDg51agUJzDudLCZzOvt3wK+twJUyfPBuOXXv8EKrRRDfhqnpu//QkDvl\nPVsLjA2gopy8Zbkyro1cdUOVcuw3QQeHTXG3nzNAjbC6ELIQPvsbgXUDgkSMTUDt\n6MIIFRIKMm0w6pX8o7pdnwoeZNItX1eIghqp/oTEHAECgYEA9evSvianteCW5XEk\nsIUX/QFKYak7MjW/EA4MMqkP10AT93//wglxC0N+eeWDUSfHZUYKxTKuqr89t5Wr\nTsDRUxVopi69YLPv5+2Bz5rzXv6sxrPqKwAvrFXZnjadykJCqrE8UmhMqdG4BMX2\nnB83f1zkzQQykUoLjYuX1lbEKTECgYEA534bba7/4e2oBOuEDeinW2cGPBVcEgVC\nUDbjZSdUO2nSoMFqha5mZRgpxkhF9wv4F2VdUJWhK6p/4VspzpVP3sWlZfazmYc2\n9CCtI9okZ2jq/LAPvwNwkUxVLIDPFXBfdAitqmH0F/X5MtrR9sAB7suFT2AqFJ99\nhhalKjeVKxkCgYEAm4DYTPcie6adpE4sNhai+ZA0WZbqYLCNtXg8jFhNNP5G4e0l\na6wOuGGgezH/HHU757UnoFSREFVHkGvq3Cye8JuMBfFuPNTrMcwElqNTm1ENLcSc\noT5H5wCOUDYXBstpXogeLbnYKFX9t776VvSCYl36LA2ocCjTL1kC1T0eYzECgYBd\n2SEziVPRezC3tedWYDCg/JZpe1tVLu6gaHAtzRD3+UHbzC3sPjTi3TXqXdiHfEG6\n8mwvREoP0tJ/QR8k0iGMNeKFAMv0/P1JYYnv0/sYNU+224W2saVMMn8BSMMrdOAt\nwWrufUGhCSZa+J1QhK0D61yDPoAw1ivkVX/mKpx92QKBgQDyghpvXOyYuHF8ni4V\naWsQobuK4FHKhqygTTgyXdrou/EIynI1OvNI/W5brjGSYjZ2wjf6tLANogyFpc5t\nbWb8E3+MT7Kg7w02JiJ2X0jSD01St4Wtl6lKkUFoMFHqg/Kp/djFD1Pl0BBqspRU\nCs04dP7A4+aIJbG+I8uOCuXUCg==\n-----END PRIVATE KEY-----\n",
            "public_key_fingerprint_md5": "e9:e2:21:11:bb:99:90:b8:72:79:da:32:c2:a8:18:ac",
            "public_key_fingerprint_sha256": "SHA256:nGhzpB7UCdXtDym01BLERtHpRSNUuKAJtuq7YJT+tbM",
            "public_key_openssh": "ssh-rsa AAAAB3NzaC1yc2EAAAADAQABAAABAQDeYO+Uizc84Azro3qpG2YTsMwvz04bRTQcsg7LhGtvXlKelpvEmHohVs6V7+YmgVRy2qvcGkq+rtY968F4KmW7ssn3WK/pom1rRZZv2YHJgoztReaibW3W4d2jWA6hm7KJMEgb6QTxBewmDDP05GAse9DM8NUXoDxlbyNbW14YzirYFhHJgXpsm85Yzmx1daPfigcMfIEodTnrfyMjgedzieUOi5OvH3/sO/4835jkNrkOQ4A+xh90UgOhN5EitbZBGpyueahefWql/vKH7WM2loeUFz45qg9RNEEZny40hELoI6652QNUT85CWbSpQm8/5/360I5JNIx40JDsmEDJ\n",
            "public_key_pem": "-----BEGIN PUBLIC KEY-----\nMIIBIjANBgkqhkiG9w0BAQEFAAOCAQ8AMIIBCgKCAQEA3mDvlIs3POAM66N6qRtm\nE7DML89OG0U0HLIOy4Rrb15SnpabxJh6IVbOle/mJoFUctqr3BpKvq7WPevBeCpl\nu7LJ91iv6aJta0WWb9mByYKM7UXmom1t1uHdo1gOoZuyiTBIG+kE8QXsJgwz9ORg\nLHvQzPDVF6A8ZW8jW1teGM4q2BYRyYF6bJvOWM5sdXWj34oHDHyBKHU5638jI4Hn\nc4nlDouTrx9/7Dv+PN+Y5Da5DkOAPsYfdFIDoTeRIrW2QRqcrnmoXn1qpf7yh+1j\nNpaHlBc+OaoPUTRBGZ8uNIRC6COuudkDVE/OQlm0qUJvP+f9+tCOSTSMeNCQ7JhA\nyQIDAQAB\n-----END PUBLIC KEY-----\n",
            "rsa_bits": 2048
          },
          "sensitive_attributes": [
            [
              {
                "type": "get_attr",
                "value": "private_key_pem_pkcs8"
              }
            ],
            [
              {
                "type": "get_attr",
                "value": "private_key_pem"
              }
            ],
            [
              {
                "type": "get_attr",
                "value": "private_key_openssh"
              }
            ]
          ]
        }
      ]
    }
  ],
  "check_results": null
}
