{
  "version": 4,
  "terraform_version": "1.9.8",
  "serial": 66,
  "lineage": "616de653-c9d0-ebdc-de34-a6db423b140e",
  "outputs": {},
  "resources": [
    {
      "mode": "managed",
      "type": "aws_ebs_volume",
      "name": "netflix-app-volume",
      "provider": "provider[\"registry.terraform.io/hashicorp/aws\"]",
      "instances": [
        {
          "schema_version": 0,
          "attributes": {
            "arn": "arn:aws:ec2:us-east-1:308434761697:volume/vol-0baf26fb07e97da46",
            "availability_zone": "us-east-1a",
            "encrypted": false,
            "final_snapshot": false,
            "id": "vol-0baf26fb07e97da46",
            "iops": 100,
            "kms_key_id": "",
            "multi_attach_enabled": false,
            "outpost_arn": "",
            "size": 5,
            "snapshot_id": "",
            "tags": {
              "name": "Hello_world"
            },
            "tags_all": {
              "name": "Hello_world"
            },
            "throughput": 0,
            "timeouts": null,
            "type": "gp2"
          },
          "sensitive_attributes": [],
          "private": "eyJlMmJmYjczMC1lY2FhLTExZTYtOGY4OC0zNDM2M2JjN2M0YzAiOnsiY3JlYXRlIjozMDAwMDAwMDAwMDAsImRlbGV0ZSI6NjAwMDAwMDAwMDAwLCJ1cGRhdGUiOjMwMDAwMDAwMDAwMH19"
        }
      ]
    },
    {
      "mode": "managed",
      "type": "aws_instance",
      "name": "netflix_app",
      "provider": "provider[\"registry.terraform.io/hashicorp/aws\"]",
      "instances": [
        {
          "schema_version": 1,
          "attributes": {
            "ami": "ami-06b21ccaeff8cd686",
            "arn": "arn:aws:ec2:us-east-1:308434761697:instance/i-08227b309c2db4acc",
            "associate_public_ip_address": true,
            "availability_zone": "us-east-1b",
            "capacity_reservation_specification": [
              {
                "capacity_reservation_preference": "open",
                "capacity_reservation_target": []
              }
            ],
            "cpu_core_count": 1,
            "cpu_options": [
              {
                "amd_sev_snp": "",
                "core_count": 1,
                "threads_per_core": 1
              }
            ],
            "cpu_threads_per_core": 1,
            "credit_specification": [
              {
                "cpu_credits": "standard"
              }
            ],
            "disable_api_stop": false,
            "disable_api_termination": false,
            "ebs_block_device": [],
            "ebs_optimized": false,
            "enclave_options": [
              {
                "enabled": false
              }
            ],
            "ephemeral_block_device": [],
            "get_password_data": false,
            "hibernation": false,
            "host_id": "",
            "host_resource_group_arn": null,
            "iam_instance_profile": "",
            "id": "i-08227b309c2db4acc",
            "instance_initiated_shutdown_behavior": "stop",
            "instance_lifecycle": "",
            "instance_market_options": [],
            "instance_state": "running",
            "instance_type": "t2.micro",
            "ipv6_address_count": 0,
            "ipv6_addresses": [],
            "key_name": "my-ec2-key",
            "launch_template": [],
            "maintenance_options": [
              {
                "auto_recovery": "default"
              }
            ],
            "metadata_options": [
              {
                "http_endpoint": "enabled",
                "http_protocol_ipv6": "disabled",
                "http_put_response_hop_limit": 2,
                "http_tokens": "required",
                "instance_metadata_tags": "disabled"
              }
            ],
            "monitoring": false,
            "network_interface": [],
            "outpost_arn": "",
            "password_data": "",
            "placement_group": "",
            "placement_partition_number": 0,
            "primary_network_interface_id": "eni-075b766c715bd7965",
            "private_dns": "ip-172-31-85-115.ec2.internal",
            "private_dns_name_options": [
              {
                "enable_resource_name_dns_a_record": false,
                "enable_resource_name_dns_aaaa_record": false,
                "hostname_type": "ip-name"
              }
            ],
            "private_ip": "172.31.85.115",
            "public_dns": "ec2-54-175-61-128.compute-1.amazonaws.com",
            "public_ip": "54.175.61.128",
            "root_block_device": [
              {
                "delete_on_termination": true,
                "device_name": "/dev/xvda",
                "encrypted": false,
                "iops": 3000,
                "kms_key_id": "",
                "tags": {},
                "tags_all": {},
                "throughput": 125,
                "volume_id": "vol-0917b4bfc741274f1",
                "volume_size": 8,
                "volume_type": "gp3"
              }
            ],
            "secondary_private_ips": [],
            "security_groups": [
              "default"
            ],
            "source_dest_check": true,
            "spot_instance_request_id": "",
            "subnet_id": "subnet-0af5190881dbcb319",
            "tags": {
              "Env": "dev",
              "Name": "netflix-app"
            },
            "tags_all": {
              "Env": "dev",
              "Name": "netflix-app"
            },
            "tenancy": "default",
            "timeouts": null,
            "user_data": null,
            "user_data_base64": null,
            "user_data_replace_on_change": false,
            "volume_tags": null,
            "vpc_security_group_ids": [
              "sg-0e9771fb274d231cf"
            ]
          },
          "sensitive_attributes": [],
          "private": "eyJlMmJmYjczMC1lY2FhLTExZTYtOGY4OC0zNDM2M2JjN2M0YzAiOnsiY3JlYXRlIjo2MDAwMDAwMDAwMDAsImRlbGV0ZSI6MTIwMDAwMDAwMDAwMCwicmVhZCI6OTAwMDAwMDAwMDAwLCJ1cGRhdGUiOjYwMDAwMDAwMDAwMH0sInNjaGVtYV92ZXJzaW9uIjoiMSJ9",
          "dependencies": [
            "aws_key_pair.ec2_key",
            "tls_private_key.ec2_key"
          ]
        }
      ]
    },
    {
      "mode": "managed",
      "type": "aws_key_pair",
      "name": "ec2_key",
      "provider": "provider[\"registry.terraform.io/hashicorp/aws\"]",
      "instances": [
        {
          "schema_version": 1,
          "attributes": {
            "arn": "arn:aws:ec2:us-east-1:308434761697:key-pair/my-ec2-key",
            "fingerprint": "cf:c8:ff:0b:0b:18:4d:b7:9a:b3:09:e9:01:5b:bd:e3",
            "id": "my-ec2-key",
            "key_name": "my-ec2-key",
            "key_name_prefix": "",
            "key_pair_id": "key-034e94113a8a93e30",
            "key_type": "rsa",
            "public_key": "ssh-rsa AAAAB3NzaC1yc2EAAAADAQABAAABAQDOh15D3tenuxzIEIVeWMB/eZTGWVMuSUvTz5DbpPi07fAhxpk40LyqtEsOkb+hmSea5svBuwgiuJ93dqE/LNElA03fBUBmZI8RJJ9IL32vIHwQGtGXHtwKO/XcM2gTMN+BY4dHEfvWCi64i28RmEKrAnHwMIbCmk9EjcjLuKDrERPsdKnRfNwRtMdNnF1A9vBBdrLgQAO5Q28amsrQNPPvaQSepu3+2p5Bs6nE+jB3V+TVYvqENF4QGreKUoDr2uMrSwrkViYcli55HDDymqaInZ5m78zoU9omYXbCNU7D9/mv+qFT8jDCC7dXZXbdVUMZCdUeb6TbmdMLu1DaBNzj",
            "tags": {},
            "tags_all": {}
          },
          "sensitive_attributes": [],
          "private": "eyJzY2hlbWFfdmVyc2lvbiI6IjEifQ==",
          "dependencies": [
            "tls_private_key.ec2_key"
          ]
        }
      ]
    },
    {
      "mode": "managed",
      "type": "aws_s3_bucket",
      "name": "netflix-app-bucket",
      "provider": "provider[\"registry.terraform.io/hashicorp/aws\"]",
      "instances": [
        {
          "schema_version": 0,
          "attributes": {
            "acceleration_status": "",
            "acl": null,
            "arn": "arn:aws:s3:::netflix-app-bucket-forzivis",
            "bucket": "netflix-app-bucket-forzivis",
            "bucket_domain_name": "netflix-app-bucket-forzivis.s3.amazonaws.com",
            "bucket_prefix": "",
            "bucket_regional_domain_name": "netflix-app-bucket-forzivis.s3.us-east-1.amazonaws.com",
            "cors_rule": [],
            "force_destroy": false,
            "grant": [
              {
                "id": "21b86bd14ce18b4cf195bbe356d8369aa81013c1b865b3b005d5e139b487f97b",
                "permissions": [
                  "FULL_CONTROL"
                ],
                "type": "CanonicalUser",
                "uri": ""
              }
            ],
            "hosted_zone_id": "Z3AQBSTGFYJSTF",
            "id": "netflix-app-bucket-forzivis",
            "lifecycle_rule": [],
            "logging": [],
            "object_lock_configuration": [],
            "object_lock_enabled": false,
            "policy": "",
            "region": "us-east-1",
            "replication_configuration": [],
            "request_payer": "BucketOwner",
            "server_side_encryption_configuration": [
              {
                "rule": [
                  {
                    "apply_server_side_encryption_by_default": [
                      {
                        "kms_master_key_id": "",
                        "sse_algorithm": "AES256"
                      }
                    ],
                    "bucket_key_enabled": false
                  }
                ]
              }
            ],
            "tags": {
              "Environment": "dev",
              "name": "My Bucket"
            },
            "tags_all": {
              "Environment": "dev",
              "name": "My Bucket"
            },
            "timeouts": null,
            "versioning": [
              {
                "enabled": false,
                "mfa_delete": false
              }
            ],
            "website": [],
            "website_domain": null,
            "website_endpoint": null
          },
          "sensitive_attributes": [],
          "private": "eyJlMmJmYjczMC1lY2FhLTExZTYtOGY4OC0zNDM2M2JjN2M0YzAiOnsiY3JlYXRlIjoxMjAwMDAwMDAwMDAwLCJkZWxldGUiOjM2MDAwMDAwMDAwMDAsInJlYWQiOjEyMDAwMDAwMDAwMDAsInVwZGF0ZSI6MTIwMDAwMDAwMDAwMH19"
        }
      ]
    },
    {
      "mode": "managed",
      "type": "aws_security_group",
      "name": "netflix_app_sg",
      "provider": "provider[\"registry.terraform.io/hashicorp/aws\"]",
      "instances": [
        {
          "schema_version": 1,
          "attributes": {
            "arn": "arn:aws:ec2:us-east-1:308434761697:security-group/sg-098582fe7935af697",
            "description": "Allow SSH and HTTP traffic",
            "egress": [
              {
                "cidr_blocks": [
                  "0.0.0.0/0"
                ],
                "description": "",
                "from_port": 0,
                "ipv6_cidr_blocks": [],
                "prefix_list_ids": [],
                "protocol": "-1",
                "security_groups": [],
                "self": false,
                "to_port": 0
              }
            ],
            "id": "sg-098582fe7935af697",
            "ingress": [
              {
                "cidr_blocks": [
                  "0.0.0.0/0"
                ],
                "description": "",
                "from_port": 22,
                "ipv6_cidr_blocks": [],
                "prefix_list_ids": [],
                "protocol": "tcp",
                "security_groups": [],
                "self": false,
                "to_port": 22
              },
              {
                "cidr_blocks": [
                  "0.0.0.0/0"
                ],
                "description": "",
                "from_port": 80,
                "ipv6_cidr_blocks": [],
                "prefix_list_ids": [],
                "protocol": "tcp",
                "security_groups": [],
                "self": false,
                "to_port": 80
              }
            ],
            "name": "ziv-netflix-app-sg",
            "name_prefix": "",
            "owner_id": "308434761697",
            "revoke_rules_on_delete": false,
            "tags": {},
            "tags_all": {},
            "timeouts": null,
            "vpc_id": "vpc-042dce72ed5051462"
          },
          "sensitive_attributes": [],
          "private": "eyJlMmJmYjczMC1lY2FhLTExZTYtOGY4OC0zNDM2M2JjN2M0YzAiOnsiY3JlYXRlIjo2MDAwMDAwMDAwMDAsImRlbGV0ZSI6OTAwMDAwMDAwMDAwfSwic2NoZW1hX3ZlcnNpb24iOiIxIn0="
        }
      ]
    },
    {
      "mode": "managed",
      "type": "local_file",
      "name": "ec2_private_key",
      "provider": "provider[\"registry.terraform.io/hashicorp/local\"]",
      "instances": [
        {
          "schema_version": 0,
          "attributes": {
            "content": "-----BEGIN RSA PRIVATE KEY-----\nMIIEpAIBAAKCAQEAzodeQ97Xp7scyBCFXljAf3mUxllTLklL08+Q26T4tO3wIcaZ\nONC8qrRLDpG/oZknmubLwbsIIrifd3ahPyzRJQNN3wVAZmSPESSfSC99ryB8EBrR\nlx7cCjv13DNoEzDfgWOHRxH71gouuItvEZhCqwJx8DCGwppPRI3Iy7ig6xET7HSp\n0XzcEbTHTZxdQPbwQXay4EADuUNvGprK0DTz72kEnqbt/tqeQbOpxPowd1fk1WL6\nhDReEBq3ilKA69rjK0sK5FYmHJYueRww8pqmiJ2eZu/M6FPaJmF2wjVOw/f5r/qh\nU/Iwwgu3V2V23VVDGQnVHm+k25nTC7tQ2gTc4wIDAQABAoIBAEqJCDguYF4kZUq+\ny6M1HKPk2RCMhDycL0WOD5V1gFyr0pId/oZGrxBcaQolB6fmgiihSr/sJA+D2elf\nYupN3l0hSCVI2+kYOZnSQbnnidB+RMf7JdEIThlTcnO6CcGDTeaAaP35O44PtrTb\nfYY4ETdudnhcywXIcvsmwGTliQ3MQapEi6lWrMluwyfDOdghy6bWs/O6Y8zUmVO9\nnsCTUPvYbz9ptDkEnJzrjuM78KWwDQuVG//ls+mlGfel9nX54M8rKh4CoEQ/Hn6V\nf/RJrNAPLcXoAV5zmHBZEoZYs6MQzN9FsZFRsMk5VTtMOCW8ONGr0qB3Q4Ggna2h\nDP43N4ECgYEA9m+vcmLgKcNCpUJr2WfVlqBhvX8MErqgndylZM7p5zi4Hs6+epCT\nqKpgUYKwwPjp46bvsRqdYfQBWtZP8tKm+OCH5ojNyUhlaX6gQTfOeTPIMBcoX7DT\neR1+sx9qJ7sB9yJULp3d9qMz2/bRJ0A7t5gkNpVS4c0CuUEZn6tQpxMCgYEA1os0\n8EdnxIg/sEgqZKPLoSUPpXmjjz6IxiesYIa0SBRSTyYu+0JeGq2IpG1KedLYpwvg\nyG1ssC2qZxXxWCd8fWUsEuWtWs5lTJn7G6d4eh3vu+1D0cNgF+k4oRfevk7riIx/\nK8MpdjmTgwGpiAFSiTtQ2zs0h+g65CAbzB6YnPECgYEAxjIkxLZI2s2zd/3nhz4/\nRZlPgnv/VcDLFKs0SdMvw0qWqhBUmXZViz0bofKd/VUzpmfINoPVN8ZqoIfkXMKW\nj2rlYb984flbtnCkqk8bu9atlh/J1Mv+CFZ0Y9NMKQ/6EKyHT8afkZDIUIw8wnii\njpHJ7ixCMGAVZLC6zvOVNgkCgYEAkdVmUr325zzGLgmf53D/hbYvgIfCiigzyJ5H\nKgXmnehSWsLVxK1EUlYLP9maely8MDB+xz66Vrdz0Ua1GvscQBB5eQ7uW39YlE1G\nx3F7D2cyAkgxhXCM7TP27mnPWwVCTTtTZmfu0xIoFzEWEAD2HZpYR+1is89D2LWK\nr6FMk8ECgYA3lxhTNpzw2xPh0qr+bFCXQlv40+iJ/7ggZ3xEhy8iq/umaT9+XjyV\njBZpOgoK3imKYkSHhIjzfKHe1gCW2kkTVP5NMy9+TJpR0l9YugtCOk6YJOSZbx0g\nB3GM+c9LIrLiPeMHL+WscxRnN+Ljn3F3OAN25+qC7n2eoV1c91m0VA==\n-----END RSA PRIVATE KEY-----\n",
            "content_base64": null,
            "content_base64sha256": "+1mfVCoUjcAEYCq5Ab01iK2b8keja9Xc6pM5IQbLyKE=",
            "content_base64sha512": "yV01qiLSqiRmT01LeHXeuYxtUndo6x9p7DXwBPt1cxaI/d/kWCp0y7g0ehXNrhu7G4mrDlE6Z9jgayFmTNEi4A==",
            "content_md5": "eee1194890f4d7842e2cd66afb5a011f",
            "content_sha1": "46af0c0dd9eba4297d7f19514658b11fb7d1ebaf",
            "content_sha256": "fb599f542a148dc004602ab901bd3588ad9bf247a36bd5dcea93392106cbc8a1",
            "content_sha512": "c95d35aa22d2aa24664f4d4b7875deb98c6d527768eb1f69ec35f004fb75731688fddfe4582a74cbb8347a15cdae1bbb1b89ab0e513a67d8e06b21664cd122e0",
            "directory_permission": "0777",
            "file_permission": "0777",
            "filename": "./my-ec2-key.pem",
            "id": "46af0c0dd9eba4297d7f19514658b11fb7d1ebaf",
            "sensitive_content": null,
            "source": null
          },
          "sensitive_attributes": [
            [
              {
                "type": "get_attr",
                "value": "sensitive_content"
              }
            ],
            [
              {
                "type": "get_attr",
                "value": "content"
              }
            ]
          ],
          "dependencies": [
            "tls_private_key.ec2_key"
          ]
        }
      ]
    },
    {
      "mode": "managed",
      "type": "tls_private_key",
      "name": "ec2_key",
      "provider": "provider[\"registry.terraform.io/hashicorp/tls\"]",
      "instances": [
        {
          "schema_version": 1,
          "attributes": {
            "algorithm": "RSA",
            "ecdsa_curve": "P224",
            "id": "57e77e1302e3a2d0a4ce87002b3e5be912ea4220",
            "private_key_openssh": "-----BEGIN OPENSSH PRIVATE KEY-----\nb3BlbnNzaC1rZXktdjEAAAAABG5vbmUAAAAEbm9uZQAAAAAAAAABAAABFwAAAAdz\nc2gtcnNhAAAAAwEAAQAAAQEAzodeQ97Xp7scyBCFXljAf3mUxllTLklL08+Q26T4\ntO3wIcaZONC8qrRLDpG/oZknmubLwbsIIrifd3ahPyzRJQNN3wVAZmSPESSfSC99\nryB8EBrRlx7cCjv13DNoEzDfgWOHRxH71gouuItvEZhCqwJx8DCGwppPRI3Iy7ig\n6xET7HSp0XzcEbTHTZxdQPbwQXay4EADuUNvGprK0DTz72kEnqbt/tqeQbOpxPow\nd1fk1WL6hDReEBq3ilKA69rjK0sK5FYmHJYueRww8pqmiJ2eZu/M6FPaJmF2wjVO\nw/f5r/qhU/Iwwgu3V2V23VVDGQnVHm+k25nTC7tQ2gTc4wAAA7i16tpqteraagAA\nAAdzc2gtcnNhAAABAQDOh15D3tenuxzIEIVeWMB/eZTGWVMuSUvTz5DbpPi07fAh\nxpk40LyqtEsOkb+hmSea5svBuwgiuJ93dqE/LNElA03fBUBmZI8RJJ9IL32vIHwQ\nGtGXHtwKO/XcM2gTMN+BY4dHEfvWCi64i28RmEKrAnHwMIbCmk9EjcjLuKDrERPs\ndKnRfNwRtMdNnF1A9vBBdrLgQAO5Q28amsrQNPPvaQSepu3+2p5Bs6nE+jB3V+TV\nYvqENF4QGreKUoDr2uMrSwrkViYcli55HDDymqaInZ5m78zoU9omYXbCNU7D9/mv\n+qFT8jDCC7dXZXbdVUMZCdUeb6TbmdMLu1DaBNzjAAAAAwEAAQAAAQBKiQg4LmBe\nJGVKvsujNRyj5NkQjIQ8nC9Fjg+VdYBcq9KSHf6GRq8QXGkKJQen5oIooUq/7CQP\ng9npX2LqTd5dIUglSNvpGDmZ0kG554nQfkTH+yXRCE4ZU3JzugnBg03mgGj9+TuO\nD7a0232GOBE3bnZ4XMsFyHL7JsBk5YkNzEGqRIupVqzJbsMnwznYIcum1rPzumPM\n1JlTvZ7Ak1D72G8/abQ5BJyc647jO/ClsA0LlRv/5bPppRn3pfZ1+eDPKyoeAqBE\nPx5+lX/0SazQDy3F6AFec5hwWRKGWLOjEMzfRbGRUbDJOVU7TDglvDjRq9Kgd0OB\noJ2toQz+NzeBAAAAgDeXGFM2nPDbE+HSqv5sUJdCW/jT6In/uCBnfESHLyKr+6Zp\nP35ePJWMFmk6CgreKYpiRIeEiPN8od7WAJbaSRNU/k0zL35MmlHSX1i6C0I6Tpgk\n5JlvHSAHcYz5z0sisuI94wcv5axzFGc34uOfcXc4A3bn6oLufZ6hXVz3WbRUAAAA\ngQD2b69yYuApw0KlQmvZZ9WWoGG9fwwSuqCd3KVkzunnOLgezr56kJOoqmBRgrDA\n+Onjpu+xGp1h9AFa1k/y0qb44IfmiM3JSGVpfqBBN855M8gwFyhfsNN5HX6zH2on\nuwH3IlQund32ozPb9tEnQDu3mCQ2lVLhzQK5QRmfq1CnEwAAAIEA1os08EdnxIg/\nsEgqZKPLoSUPpXmjjz6IxiesYIa0SBRSTyYu+0JeGq2IpG1KedLYpwvgyG1ssC2q\nZxXxWCd8fWUsEuWtWs5lTJn7G6d4eh3vu+1D0cNgF+k4oRfevk7riIx/K8MpdjmT\ngwGpiAFSiTtQ2zs0h+g65CAbzB6YnPEAAAAAAQID\n-----END OPENSSH PRIVATE KEY-----\n",
            "private_key_pem": "-----BEGIN RSA PRIVATE KEY-----\nMIIEpAIBAAKCAQEAzodeQ97Xp7scyBCFXljAf3mUxllTLklL08+Q26T4tO3wIcaZ\nONC8qrRLDpG/oZknmubLwbsIIrifd3ahPyzRJQNN3wVAZmSPESSfSC99ryB8EBrR\nlx7cCjv13DNoEzDfgWOHRxH71gouuItvEZhCqwJx8DCGwppPRI3Iy7ig6xET7HSp\n0XzcEbTHTZxdQPbwQXay4EADuUNvGprK0DTz72kEnqbt/tqeQbOpxPowd1fk1WL6\nhDReEBq3ilKA69rjK0sK5FYmHJYueRww8pqmiJ2eZu/M6FPaJmF2wjVOw/f5r/qh\nU/Iwwgu3V2V23VVDGQnVHm+k25nTC7tQ2gTc4wIDAQABAoIBAEqJCDguYF4kZUq+\ny6M1HKPk2RCMhDycL0WOD5V1gFyr0pId/oZGrxBcaQolB6fmgiihSr/sJA+D2elf\nYupN3l0hSCVI2+kYOZnSQbnnidB+RMf7JdEIThlTcnO6CcGDTeaAaP35O44PtrTb\nfYY4ETdudnhcywXIcvsmwGTliQ3MQapEi6lWrMluwyfDOdghy6bWs/O6Y8zUmVO9\nnsCTUPvYbz9ptDkEnJzrjuM78KWwDQuVG//ls+mlGfel9nX54M8rKh4CoEQ/Hn6V\nf/RJrNAPLcXoAV5zmHBZEoZYs6MQzN9FsZFRsMk5VTtMOCW8ONGr0qB3Q4Ggna2h\nDP43N4ECgYEA9m+vcmLgKcNCpUJr2WfVlqBhvX8MErqgndylZM7p5zi4Hs6+epCT\nqKpgUYKwwPjp46bvsRqdYfQBWtZP8tKm+OCH5ojNyUhlaX6gQTfOeTPIMBcoX7DT\neR1+sx9qJ7sB9yJULp3d9qMz2/bRJ0A7t5gkNpVS4c0CuUEZn6tQpxMCgYEA1os0\n8EdnxIg/sEgqZKPLoSUPpXmjjz6IxiesYIa0SBRSTyYu+0JeGq2IpG1KedLYpwvg\nyG1ssC2qZxXxWCd8fWUsEuWtWs5lTJn7G6d4eh3vu+1D0cNgF+k4oRfevk7riIx/\nK8MpdjmTgwGpiAFSiTtQ2zs0h+g65CAbzB6YnPECgYEAxjIkxLZI2s2zd/3nhz4/\nRZlPgnv/VcDLFKs0SdMvw0qWqhBUmXZViz0bofKd/VUzpmfINoPVN8ZqoIfkXMKW\nj2rlYb984flbtnCkqk8bu9atlh/J1Mv+CFZ0Y9NMKQ/6EKyHT8afkZDIUIw8wnii\njpHJ7ixCMGAVZLC6zvOVNgkCgYEAkdVmUr325zzGLgmf53D/hbYvgIfCiigzyJ5H\nKgXmnehSWsLVxK1EUlYLP9maely8MDB+xz66Vrdz0Ua1GvscQBB5eQ7uW39YlE1G\nx3F7D2cyAkgxhXCM7TP27mnPWwVCTTtTZmfu0xIoFzEWEAD2HZpYR+1is89D2LWK\nr6FMk8ECgYA3lxhTNpzw2xPh0qr+bFCXQlv40+iJ/7ggZ3xEhy8iq/umaT9+XjyV\njBZpOgoK3imKYkSHhIjzfKHe1gCW2kkTVP5NMy9+TJpR0l9YugtCOk6YJOSZbx0g\nB3GM+c9LIrLiPeMHL+WscxRnN+Ljn3F3OAN25+qC7n2eoV1c91m0VA==\n-----END RSA PRIVATE KEY-----\n",
            "private_key_pem_pkcs8": "-----BEGIN PRIVATE KEY-----\nMIIEvgIBADANBgkqhkiG9w0BAQEFAASCBKgwggSkAgEAAoIBAQDOh15D3tenuxzI\nEIVeWMB/eZTGWVMuSUvTz5DbpPi07fAhxpk40LyqtEsOkb+hmSea5svBuwgiuJ93\ndqE/LNElA03fBUBmZI8RJJ9IL32vIHwQGtGXHtwKO/XcM2gTMN+BY4dHEfvWCi64\ni28RmEKrAnHwMIbCmk9EjcjLuKDrERPsdKnRfNwRtMdNnF1A9vBBdrLgQAO5Q28a\nmsrQNPPvaQSepu3+2p5Bs6nE+jB3V+TVYvqENF4QGreKUoDr2uMrSwrkViYcli55\nHDDymqaInZ5m78zoU9omYXbCNU7D9/mv+qFT8jDCC7dXZXbdVUMZCdUeb6TbmdML\nu1DaBNzjAgMBAAECggEASokIOC5gXiRlSr7LozUco+TZEIyEPJwvRY4PlXWAXKvS\nkh3+hkavEFxpCiUHp+aCKKFKv+wkD4PZ6V9i6k3eXSFIJUjb6Rg5mdJBueeJ0H5E\nx/sl0QhOGVNyc7oJwYNN5oBo/fk7jg+2tNt9hjgRN252eFzLBchy+ybAZOWJDcxB\nqkSLqVasyW7DJ8M52CHLptaz87pjzNSZU72ewJNQ+9hvP2m0OQScnOuO4zvwpbAN\nC5Ub/+Wz6aUZ96X2dfngzysqHgKgRD8efpV/9Ems0A8txegBXnOYcFkShlizoxDM\n30WxkVGwyTlVO0w4Jbw40avSoHdDgaCdraEM/jc3gQKBgQD2b69yYuApw0KlQmvZ\nZ9WWoGG9fwwSuqCd3KVkzunnOLgezr56kJOoqmBRgrDA+Onjpu+xGp1h9AFa1k/y\n0qb44IfmiM3JSGVpfqBBN855M8gwFyhfsNN5HX6zH2onuwH3IlQund32ozPb9tEn\nQDu3mCQ2lVLhzQK5QRmfq1CnEwKBgQDWizTwR2fEiD+wSCpko8uhJQ+leaOPPojG\nJ6xghrRIFFJPJi77Ql4arYikbUp50tinC+DIbWywLapnFfFYJ3x9ZSwS5a1azmVM\nmfsbp3h6He+77UPRw2AX6TihF96+TuuIjH8rwyl2OZODAamIAVKJO1DbOzSH6Drk\nIBvMHpic8QKBgQDGMiTEtkjazbN3/eeHPj9FmU+Ce/9VwMsUqzRJ0y/DSpaqEFSZ\ndlWLPRuh8p39VTOmZ8g2g9U3xmqgh+RcwpaPauVhv3zh+Vu2cKSqTxu71q2WH8nU\ny/4IVnRj00wpD/oQrIdPxp+RkMhQjDzCeKKOkcnuLEIwYBVksLrO85U2CQKBgQCR\n1WZSvfbnPMYuCZ/ncP+Fti+Ah8KKKDPInkcqBead6FJawtXErURSVgs/2Zp6XLww\nMH7HPrpWt3PRRrUa+xxAEHl5Du5bf1iUTUbHcXsPZzICSDGFcIztM/buac9bBUJN\nO1NmZ+7TEigXMRYQAPYdmlhH7WKzz0PYtYqvoUyTwQKBgDeXGFM2nPDbE+HSqv5s\nUJdCW/jT6In/uCBnfESHLyKr+6ZpP35ePJWMFmk6CgreKYpiRIeEiPN8od7WAJba\nSRNU/k0zL35MmlHSX1i6C0I6Tpgk5JlvHSAHcYz5z0sisuI94wcv5axzFGc34uOf\ncXc4A3bn6oLufZ6hXVz3WbRU\n-----END PRIVATE KEY-----\n",
            "public_key_fingerprint_md5": "0d:79:43:ca:a2:37:39:d3:6b:4d:2b:79:63:20:a1:de",
            "public_key_fingerprint_sha256": "SHA256:fjKuj30mqkxdlLPbw0KBGLpcUvi0gqJJch4ObimQA6M",
            "public_key_openssh": "ssh-rsa AAAAB3NzaC1yc2EAAAADAQABAAABAQDOh15D3tenuxzIEIVeWMB/eZTGWVMuSUvTz5DbpPi07fAhxpk40LyqtEsOkb+hmSea5svBuwgiuJ93dqE/LNElA03fBUBmZI8RJJ9IL32vIHwQGtGXHtwKO/XcM2gTMN+BY4dHEfvWCi64i28RmEKrAnHwMIbCmk9EjcjLuKDrERPsdKnRfNwRtMdNnF1A9vBBdrLgQAO5Q28amsrQNPPvaQSepu3+2p5Bs6nE+jB3V+TVYvqENF4QGreKUoDr2uMrSwrkViYcli55HDDymqaInZ5m78zoU9omYXbCNU7D9/mv+qFT8jDCC7dXZXbdVUMZCdUeb6TbmdMLu1DaBNzj\n",
            "public_key_pem": "-----BEGIN PUBLIC KEY-----\nMIIBIjANBgkqhkiG9w0BAQEFAAOCAQ8AMIIBCgKCAQEAzodeQ97Xp7scyBCFXljA\nf3mUxllTLklL08+Q26T4tO3wIcaZONC8qrRLDpG/oZknmubLwbsIIrifd3ahPyzR\nJQNN3wVAZmSPESSfSC99ryB8EBrRlx7cCjv13DNoEzDfgWOHRxH71gouuItvEZhC\nqwJx8DCGwppPRI3Iy7ig6xET7HSp0XzcEbTHTZxdQPbwQXay4EADuUNvGprK0DTz\n72kEnqbt/tqeQbOpxPowd1fk1WL6hDReEBq3ilKA69rjK0sK5FYmHJYueRww8pqm\niJ2eZu/M6FPaJmF2wjVOw/f5r/qhU/Iwwgu3V2V23VVDGQnVHm+k25nTC7tQ2gTc\n4wIDAQAB\n-----END PUBLIC KEY-----\n",
            "rsa_bits": 2048
          },
          "sensitive_attributes": [
            [
              {
                "type": "get_attr",
                "value": "private_key_pem"
              }
            ],
            [
              {
                "type": "get_attr",
                "value": "private_key_pem_pkcs8"
              }
            ],
            [
              {
                "type": "get_attr",
                "value": "private_key_openssh"
              }
            ]
          ]
        }
      ]
    }
  ],
  "check_results": null
}
