{
  "version": 4,
  "terraform_version": "1.9.8",
  "serial": 31,
  "lineage": "616de653-c9d0-ebdc-de34-a6db423b140e",
  "outputs": {},
  "resources": [
    {
      "mode": "managed",
      "type": "aws_instance",
      "name": "netflix_app",
      "provider": "provider[\"registry.terraform.io/hashicorp/aws\"]",
      "instances": [
        {
          "schema_version": 1,
          "attributes": {
            "ami": "ami-06b21ccaeff8cd686",
            "arn": "arn:aws:ec2:us-east-1:308434761697:instance/i-0e5d21b803d9cf816",
            "associate_public_ip_address": true,
            "availability_zone": "us-east-1d",
            "capacity_reservation_specification": [
              {
                "capacity_reservation_preference": "open",
                "capacity_reservation_target": []
              }
            ],
            "cpu_core_count": 1,
            "cpu_options": [
              {
                "amd_sev_snp": "",
                "core_count": 1,
                "threads_per_core": 1
              }
            ],
            "cpu_threads_per_core": 1,
            "credit_specification": [
              {
                "cpu_credits": "standard"
              }
            ],
            "disable_api_stop": false,
            "disable_api_termination": false,
            "ebs_block_device": [],
            "ebs_optimized": false,
            "enclave_options": [
              {
                "enabled": false
              }
            ],
            "ephemeral_block_device": [],
            "get_password_data": false,
            "hibernation": false,
            "host_id": "",
            "host_resource_group_arn": null,
            "iam_instance_profile": "",
            "id": "i-0e5d21b803d9cf816",
            "instance_initiated_shutdown_behavior": "stop",
            "instance_lifecycle": "",
            "instance_market_options": [],
            "instance_state": "running",
            "instance_type": "t2.micro",
            "ipv6_address_count": 0,
            "ipv6_addresses": [],
            "key_name": "my-ec2-key",
            "launch_template": [],
            "maintenance_options": [
              {
                "auto_recovery": "default"
              }
            ],
            "metadata_options": [
              {
                "http_endpoint": "enabled",
                "http_protocol_ipv6": "disabled",
                "http_put_response_hop_limit": 2,
                "http_tokens": "required",
                "instance_metadata_tags": "disabled"
              }
            ],
            "monitoring": false,
            "network_interface": [],
            "outpost_arn": "",
            "password_data": "",
            "placement_group": "",
            "placement_partition_number": 0,
            "primary_network_interface_id": "eni-0572006a8b925a9ba",
            "private_dns": "ip-172-31-35-200.ec2.internal",
            "private_dns_name_options": [
              {
                "enable_resource_name_dns_a_record": false,
                "enable_resource_name_dns_aaaa_record": false,
                "hostname_type": "ip-name"
              }
            ],
            "private_ip": "172.31.35.200",
            "public_dns": "ec2-3-94-247-204.compute-1.amazonaws.com",
            "public_ip": "3.94.247.204",
            "root_block_device": [
              {
                "delete_on_termination": true,
                "device_name": "/dev/xvda",
                "encrypted": false,
                "iops": 3000,
                "kms_key_id": "",
                "tags": {},
                "tags_all": {},
                "throughput": 125,
                "volume_id": "vol-0d0ea23cb9cb58ffe",
                "volume_size": 8,
                "volume_type": "gp3"
              }
            ],
            "secondary_private_ips": [],
            "security_groups": [
              "default"
            ],
            "source_dest_check": true,
            "spot_instance_request_id": "",
            "subnet_id": "subnet-07daaf892552367a2",
            "tags": {
              "Env": "dev",
              "Name": "netflix-app"
            },
            "tags_all": {
              "Env": "dev",
              "Name": "netflix-app"
            },
            "tenancy": "default",
            "timeouts": null,
            "user_data": null,
            "user_data_base64": null,
            "user_data_replace_on_change": false,
            "volume_tags": null,
            "vpc_security_group_ids": [
              "sg-0e9771fb274d231cf"
            ]
          },
          "sensitive_attributes": [],
          "private": "eyJlMmJmYjczMC1lY2FhLTExZTYtOGY4OC0zNDM2M2JjN2M0YzAiOnsiY3JlYXRlIjo2MDAwMDAwMDAwMDAsImRlbGV0ZSI6MTIwMDAwMDAwMDAwMCwicmVhZCI6OTAwMDAwMDAwMDAwLCJ1cGRhdGUiOjYwMDAwMDAwMDAwMH0sInNjaGVtYV92ZXJzaW9uIjoiMSJ9",
          "dependencies": [
            "aws_key_pair.ec2_key",
            "tls_private_key.ec2_key"
          ]
        }
      ]
    },
    {
      "mode": "managed",
      "type": "aws_key_pair",
      "name": "ec2_key",
      "provider": "provider[\"registry.terraform.io/hashicorp/aws\"]",
      "instances": [
        {
          "schema_version": 1,
          "attributes": {
            "arn": "arn:aws:ec2:us-east-1:308434761697:key-pair/my-ec2-key",
            "fingerprint": "52:04:2d:94:0f:32:6b:09:87:88:1e:4b:07:76:37:04",
            "id": "my-ec2-key",
            "key_name": "my-ec2-key",
            "key_name_prefix": "",
            "key_pair_id": "key-0bea65033ec7eab6e",
            "key_type": "rsa",
            "public_key": "ssh-rsa AAAAB3NzaC1yc2EAAAADAQABAAABAQDv2dr9h9kN0zTxaiHjtXx/ca0nPZiMXIXDjflXjXaxBkxx0+WhOlmw4GxqfmNulkKozqX1tG52ursEcc7EcX1AfaOVImqfeqmPDSRsFBudzzam5J9wL5IGIpi0uSOkNfI6e+Iv+bPHnkG2ycngj/AiG2uVsSMjwR58fA5ZR89wRuGOTBQYKEnT28jUrLpSE42wpIac95kYSamBGyo2q/4vI5SwswnFr1hNgIeI+ItU4jrATxy4Jz0w9bj4RTj1+QOgtGYMAQFWLAPmqCV0qF45kIxKuI3Twhqq6RMr25cKnhjkVT0HbgZ7dlZtjzc1nEiB5GLQLvSXZkNvpvJQNKbR",
            "tags": null,
            "tags_all": {}
          },
          "sensitive_attributes": [],
          "private": "eyJzY2hlbWFfdmVyc2lvbiI6IjEifQ==",
          "dependencies": [
            "tls_private_key.ec2_key"
          ]
        }
      ]
    },
    {
      "mode": "managed",
      "type": "aws_security_group",
      "name": "netflix_app_sg",
      "provider": "provider[\"registry.terraform.io/hashicorp/aws\"]",
      "instances": [
        {
          "schema_version": 1,
          "attributes": {
            "arn": "arn:aws:ec2:us-east-1:308434761697:security-group/sg-00f17f10deaa64a2c",
            "description": "Allow SSH and HTTP traffic",
            "egress": [
              {
                "cidr_blocks": [
                  "0.0.0.0/0"
                ],
                "description": "",
                "from_port": 0,
                "ipv6_cidr_blocks": [],
                "prefix_list_ids": [],
                "protocol": "-1",
                "security_groups": [],
                "self": false,
                "to_port": 0
              }
            ],
            "id": "sg-00f17f10deaa64a2c",
            "ingress": [
              {
                "cidr_blocks": [
                  "0.0.0.0/0"
                ],
                "description": "",
                "from_port": 22,
                "ipv6_cidr_blocks": [],
                "prefix_list_ids": [],
                "protocol": "tcp",
                "security_groups": [],
                "self": false,
                "to_port": 22
              },
              {
                "cidr_blocks": [
                  "0.0.0.0/0"
                ],
                "description": "",
                "from_port": 80,
                "ipv6_cidr_blocks": [],
                "prefix_list_ids": [],
                "protocol": "tcp",
                "security_groups": [],
                "self": false,
                "to_port": 80
              }
            ],
            "name": "ziv-netflix-app-sg",
            "name_prefix": "",
            "owner_id": "308434761697",
            "revoke_rules_on_delete": false,
            "tags": null,
            "tags_all": {},
            "timeouts": null,
            "vpc_id": "vpc-042dce72ed5051462"
          },
          "sensitive_attributes": [],
          "private": "eyJlMmJmYjczMC1lY2FhLTExZTYtOGY4OC0zNDM2M2JjN2M0YzAiOnsiY3JlYXRlIjo2MDAwMDAwMDAwMDAsImRlbGV0ZSI6OTAwMDAwMDAwMDAwfSwic2NoZW1hX3ZlcnNpb24iOiIxIn0="
        }
      ]
    },
    {
      "mode": "managed",
      "type": "local_file",
      "name": "ec2_private_key",
      "provider": "provider[\"registry.terraform.io/hashicorp/local\"]",
      "instances": [
        {
          "schema_version": 0,
          "attributes": {
            "content": "-----BEGIN RSA PRIVATE KEY-----\nMIIEogIBAAKCAQEA79na/YfZDdM08Woh47V8f3GtJz2YjFyFw435V412sQZMcdPl\noTpZsOBsan5jbpZCqM6l9bRudrq7BHHOxHF9QH2jlSJqn3qpjw0kbBQbnc82puSf\ncC+SBiKYtLkjpDXyOnviL/mzx55BtsnJ4I/wIhtrlbEjI8EefHwOWUfPcEbhjkwU\nGChJ09vI1Ky6UhONsKSGnPeZGEmpgRsqNqv+LyOUsLMJxa9YTYCHiPiLVOI6wE8c\nuCc9MPW4+EU49fkDoLRmDAEBViwD5qgldKheOZCMSriN08IaqukTK9uXCp4Y5FU9\nB24Ge3ZWbY83NZxIgeRi0C70l2ZDb6byUDSm0QIDAQABAoIBAAiNizqZOos8qdmm\nADlfgmYFBrisgKEYt4hmqqqNl9ruL5Grjbe3HfWpuxP9F8ycvRnJ7K8bVQkU1ZBu\nAoKMzXucP1YVGRpAxIUeYdscyHNTLU68PldAywM+/pULORMk/VNKkaFGVTvcD9nV\nzkYcu+JreeWnoGoo+85Smixi3CnTu4/+1iEpcKAaCWgvM6mXkaDRSFlRa16t7STH\nyz0qTo3/76urbRnwu8aveZAJXMz1j5/y5x70Ks2UhHPwiTs8NzQf/yRs7UmBgn82\nvsuxoCnzt+3mS6cDw+7AelM9zsGM4YALPRoBmvfujppZspi5j+EM0if9iQ6hNNXp\nJEySgiUCgYEA8jZuuZJArRof377iIU8Nog+HxBVPWnwdBPpI8+wCwu9Rf78bHpYn\n1ICKy+b4zqnQtJ0RiQL2mR12rKw0zi8Tj2Qznlo8kiI6xkwPjn0OxZ7r7y4wjEpi\ngjcl6eI0VPsGrVoz5TnjLYi/MDE87vsIbKlchPXVufhvbvtCh+EIh28CgYEA/YEC\nQXAnK4JXu7XgFbF/mP4DjAWL6EevWIlY8mFGyKJ23othSEGfNP5yCT3+xNlBcICD\nPPdSaBMh7v/S8foc8Z/yBHGtdkaWNfdaCkRXxuCLNoMly7ep+vvEy8T7tx9LuI5S\nStmfxdQ0hDuhmLIuIzNDtXPZ04YRue7A2Ko8lb8CgYA80Iv2jhEtJV0RabUPVfD/\nWtTk19Dn0DfdExaUIBMFbN9SquIdSOhRQ8EVtzWLdjnPz4wikZrnEO3GJyrPBiTs\nIOWRAekpa+zD8z8IsL+vwNpOYJOR9e9L8JrVYZVwLOMdTYOwL1uqCCaw6/v3qRIR\nbmirfaofGpCoFfA7e7YPgwKBgDLua3SYQtZj/ppxBQ92tOsZBb9pEd3eISWJmrw/\nvQfsVDOMD0SEIqd0A5dFxFzqRVKED1n9WqocRfINpeUF2jDVcLth13bu4ZkAFDAB\n4RzM2kteeAaA5P7O/I/wCJ6XBBCVT4VISehmJRL4JBRYoBpkX1Mibn4n7oHLrSUa\ntsdjAoGAJzVOUQMKRgugiZzBpBAFWJlr2FCwcLq4ATDA0MPbzphVznbp8gWHMfvk\n7HIxXfu3QopPaJJzYcGYWRg8hqwt6eWaqS2XHO9f5ap7FdsY22jc2k2Yxab9Y2n9\nl0olMUCJpTKVDGU0KEbBovH92CP7CtMvJ4S8eYFP0ncPjG6ARVk=\n-----END RSA PRIVATE KEY-----\n",
            "content_base64": null,
            "content_base64sha256": "NcWo+ahnd4BWw8Q9zhFm3KMU4vBfo4Tu64CcNSdnzPg=",
            "content_base64sha512": "nRKMtMjk5Q+ubUHbLDmWSpcmom3TqHPO4l/lvEy0usNjvU16LBC9Im5hs/xS5dLMhRxFlmwHe4DpmT8pTf5nng==",
            "content_md5": "dd394ccda996bfb784ea69e9ae78cc39",
            "content_sha1": "03a5079db87623cd02f62fc479fd62cb246158e9",
            "content_sha256": "35c5a8f9a867778056c3c43dce1166dca314e2f05fa384eeeb809c352767ccf8",
            "content_sha512": "9d128cb4c8e4e50fae6d41db2c39964a9726a26dd3a873cee25fe5bc4cb4bac363bd4d7a2c10bd226e61b3fc52e5d2cc851c45966c077b80e9993f294dfe679e",
            "directory_permission": "0777",
            "file_permission": "0777",
            "filename": "./my-ec2-key.pem",
            "id": "03a5079db87623cd02f62fc479fd62cb246158e9",
            "sensitive_content": null,
            "source": null
          },
          "sensitive_attributes": [
            [
              {
                "type": "get_attr",
                "value": "content"
              }
            ],
            [
              {
                "type": "get_attr",
                "value": "sensitive_content"
              }
            ]
          ],
          "dependencies": [
            "tls_private_key.ec2_key"
          ]
        }
      ]
    },
    {
      "mode": "managed",
      "type": "tls_private_key",
      "name": "ec2_key",
      "provider": "provider[\"registry.terraform.io/hashicorp/tls\"]",
      "instances": [
        {
          "schema_version": 1,
          "attributes": {
            "algorithm": "RSA",
            "ecdsa_curve": "P224",
            "id": "d372c873a0191c898d83777988efaa4d019a35a4",
            "private_key_openssh": "-----BEGIN OPENSSH PRIVATE KEY-----\nb3BlbnNzaC1rZXktdjEAAAAABG5vbmUAAAAEbm9uZQAAAAAAAAABAAABFwAAAAdz\nc2gtcnNhAAAAAwEAAQAAAQEA79na/YfZDdM08Woh47V8f3GtJz2YjFyFw435V412\nsQZMcdPloTpZsOBsan5jbpZCqM6l9bRudrq7BHHOxHF9QH2jlSJqn3qpjw0kbBQb\nnc82puSfcC+SBiKYtLkjpDXyOnviL/mzx55BtsnJ4I/wIhtrlbEjI8EefHwOWUfP\ncEbhjkwUGChJ09vI1Ky6UhONsKSGnPeZGEmpgRsqNqv+LyOUsLMJxa9YTYCHiPiL\nVOI6wE8cuCc9MPW4+EU49fkDoLRmDAEBViwD5qgldKheOZCMSriN08IaqukTK9uX\nCp4Y5FU9B24Ge3ZWbY83NZxIgeRi0C70l2ZDb6byUDSm0QAAA7h2W3WXdlt1lwAA\nAAdzc2gtcnNhAAABAQDv2dr9h9kN0zTxaiHjtXx/ca0nPZiMXIXDjflXjXaxBkxx\n0+WhOlmw4GxqfmNulkKozqX1tG52ursEcc7EcX1AfaOVImqfeqmPDSRsFBudzzam\n5J9wL5IGIpi0uSOkNfI6e+Iv+bPHnkG2ycngj/AiG2uVsSMjwR58fA5ZR89wRuGO\nTBQYKEnT28jUrLpSE42wpIac95kYSamBGyo2q/4vI5SwswnFr1hNgIeI+ItU4jrA\nTxy4Jz0w9bj4RTj1+QOgtGYMAQFWLAPmqCV0qF45kIxKuI3Twhqq6RMr25cKnhjk\nVT0HbgZ7dlZtjzc1nEiB5GLQLvSXZkNvpvJQNKbRAAAAAwEAAQAAAQAIjYs6mTqL\nPKnZpgA5X4JmBQa4rIChGLeIZqqqjZfa7i+Rq423tx31qbsT/RfMnL0ZyeyvG1UJ\nFNWQbgKCjM17nD9WFRkaQMSFHmHbHMhzUy1OvD5XQMsDPv6VCzkTJP1TSpGhRlU7\n3A/Z1c5GHLvia3nlp6BqKPvOUposYtwp07uP/tYhKXCgGgloLzOpl5Gg0UhZUWte\nre0kx8s9Kk6N/++rq20Z8LvGr3mQCVzM9Y+f8uce9CrNlIRz8Ik7PDc0H/8kbO1J\ngYJ/Nr7LsaAp87ft5kunA8PuwHpTPc7BjOGACz0aAZr37o6aWbKYuY/hDNIn/YkO\noTTV6SRMkoIlAAAAgCc1TlEDCkYLoImcwaQQBViZa9hQsHC6uAEwwNDD286YVc52\n6fIFhzH75OxyMV37t0KKT2iSc2HBmFkYPIasLenlmqktlxzvX+WqexXbGNto3NpN\nmMWm/WNp/ZdKJTFAiaUylQxlNChGwaLx/dgj+wrTLyeEvHmBT9J3D4xugEVZAAAA\ngQDyNm65kkCtGh/fvuIhTw2iD4fEFU9afB0E+kjz7ALC71F/vxselifUgIrL5vjO\nqdC0nRGJAvaZHXasrDTOLxOPZDOeWjySIjrGTA+OfQ7FnuvvLjCMSmKCNyXp4jRU\n+watWjPlOeMtiL8wMTzu+whsqVyE9dW5+G9u+0KH4QiHbwAAAIEA/YECQXAnK4JX\nu7XgFbF/mP4DjAWL6EevWIlY8mFGyKJ23othSEGfNP5yCT3+xNlBcICDPPdSaBMh\n7v/S8foc8Z/yBHGtdkaWNfdaCkRXxuCLNoMly7ep+vvEy8T7tx9LuI5SStmfxdQ0\nhDuhmLIuIzNDtXPZ04YRue7A2Ko8lb8AAAAAAQID\n-----END OPENSSH PRIVATE KEY-----\n",
            "private_key_pem": "-----BEGIN RSA PRIVATE KEY-----\nMIIEogIBAAKCAQEA79na/YfZDdM08Woh47V8f3GtJz2YjFyFw435V412sQZMcdPl\noTpZsOBsan5jbpZCqM6l9bRudrq7BHHOxHF9QH2jlSJqn3qpjw0kbBQbnc82puSf\ncC+SBiKYtLkjpDXyOnviL/mzx55BtsnJ4I/wIhtrlbEjI8EefHwOWUfPcEbhjkwU\nGChJ09vI1Ky6UhONsKSGnPeZGEmpgRsqNqv+LyOUsLMJxa9YTYCHiPiLVOI6wE8c\nuCc9MPW4+EU49fkDoLRmDAEBViwD5qgldKheOZCMSriN08IaqukTK9uXCp4Y5FU9\nB24Ge3ZWbY83NZxIgeRi0C70l2ZDb6byUDSm0QIDAQABAoIBAAiNizqZOos8qdmm\nADlfgmYFBrisgKEYt4hmqqqNl9ruL5Grjbe3HfWpuxP9F8ycvRnJ7K8bVQkU1ZBu\nAoKMzXucP1YVGRpAxIUeYdscyHNTLU68PldAywM+/pULORMk/VNKkaFGVTvcD9nV\nzkYcu+JreeWnoGoo+85Smixi3CnTu4/+1iEpcKAaCWgvM6mXkaDRSFlRa16t7STH\nyz0qTo3/76urbRnwu8aveZAJXMz1j5/y5x70Ks2UhHPwiTs8NzQf/yRs7UmBgn82\nvsuxoCnzt+3mS6cDw+7AelM9zsGM4YALPRoBmvfujppZspi5j+EM0if9iQ6hNNXp\nJEySgiUCgYEA8jZuuZJArRof377iIU8Nog+HxBVPWnwdBPpI8+wCwu9Rf78bHpYn\n1ICKy+b4zqnQtJ0RiQL2mR12rKw0zi8Tj2Qznlo8kiI6xkwPjn0OxZ7r7y4wjEpi\ngjcl6eI0VPsGrVoz5TnjLYi/MDE87vsIbKlchPXVufhvbvtCh+EIh28CgYEA/YEC\nQXAnK4JXu7XgFbF/mP4DjAWL6EevWIlY8mFGyKJ23othSEGfNP5yCT3+xNlBcICD\nPPdSaBMh7v/S8foc8Z/yBHGtdkaWNfdaCkRXxuCLNoMly7ep+vvEy8T7tx9LuI5S\nStmfxdQ0hDuhmLIuIzNDtXPZ04YRue7A2Ko8lb8CgYA80Iv2jhEtJV0RabUPVfD/\nWtTk19Dn0DfdExaUIBMFbN9SquIdSOhRQ8EVtzWLdjnPz4wikZrnEO3GJyrPBiTs\nIOWRAekpa+zD8z8IsL+vwNpOYJOR9e9L8JrVYZVwLOMdTYOwL1uqCCaw6/v3qRIR\nbmirfaofGpCoFfA7e7YPgwKBgDLua3SYQtZj/ppxBQ92tOsZBb9pEd3eISWJmrw/\nvQfsVDOMD0SEIqd0A5dFxFzqRVKED1n9WqocRfINpeUF2jDVcLth13bu4ZkAFDAB\n4RzM2kteeAaA5P7O/I/wCJ6XBBCVT4VISehmJRL4JBRYoBpkX1Mibn4n7oHLrSUa\ntsdjAoGAJzVOUQMKRgugiZzBpBAFWJlr2FCwcLq4ATDA0MPbzphVznbp8gWHMfvk\n7HIxXfu3QopPaJJzYcGYWRg8hqwt6eWaqS2XHO9f5ap7FdsY22jc2k2Yxab9Y2n9\nl0olMUCJpTKVDGU0KEbBovH92CP7CtMvJ4S8eYFP0ncPjG6ARVk=\n-----END RSA PRIVATE KEY-----\n",
            "private_key_pem_pkcs8": "-----BEGIN PRIVATE KEY-----\nMIIEvAIBADANBgkqhkiG9w0BAQEFAASCBKYwggSiAgEAAoIBAQDv2dr9h9kN0zTx\naiHjtXx/ca0nPZiMXIXDjflXjXaxBkxx0+WhOlmw4GxqfmNulkKozqX1tG52ursE\ncc7EcX1AfaOVImqfeqmPDSRsFBudzzam5J9wL5IGIpi0uSOkNfI6e+Iv+bPHnkG2\nycngj/AiG2uVsSMjwR58fA5ZR89wRuGOTBQYKEnT28jUrLpSE42wpIac95kYSamB\nGyo2q/4vI5SwswnFr1hNgIeI+ItU4jrATxy4Jz0w9bj4RTj1+QOgtGYMAQFWLAPm\nqCV0qF45kIxKuI3Twhqq6RMr25cKnhjkVT0HbgZ7dlZtjzc1nEiB5GLQLvSXZkNv\npvJQNKbRAgMBAAECggEACI2LOpk6izyp2aYAOV+CZgUGuKyAoRi3iGaqqo2X2u4v\nkauNt7cd9am7E/0XzJy9GcnsrxtVCRTVkG4CgozNe5w/VhUZGkDEhR5h2xzIc1Mt\nTrw+V0DLAz7+lQs5EyT9U0qRoUZVO9wP2dXORhy74mt55aegaij7zlKaLGLcKdO7\nj/7WISlwoBoJaC8zqZeRoNFIWVFrXq3tJMfLPSpOjf/vq6ttGfC7xq95kAlczPWP\nn/LnHvQqzZSEc/CJOzw3NB//JGztSYGCfza+y7GgKfO37eZLpwPD7sB6Uz3OwYzh\ngAs9GgGa9+6OmlmymLmP4QzSJ/2JDqE01ekkTJKCJQKBgQDyNm65kkCtGh/fvuIh\nTw2iD4fEFU9afB0E+kjz7ALC71F/vxselifUgIrL5vjOqdC0nRGJAvaZHXasrDTO\nLxOPZDOeWjySIjrGTA+OfQ7FnuvvLjCMSmKCNyXp4jRU+watWjPlOeMtiL8wMTzu\n+whsqVyE9dW5+G9u+0KH4QiHbwKBgQD9gQJBcCcrgle7teAVsX+Y/gOMBYvoR69Y\niVjyYUbIonbei2FIQZ80/nIJPf7E2UFwgIM891JoEyHu/9Lx+hzxn/IEca12RpY1\n91oKRFfG4Is2gyXLt6n6+8TLxPu3H0u4jlJK2Z/F1DSEO6GYsi4jM0O1c9nThhG5\n7sDYqjyVvwKBgDzQi/aOES0lXRFptQ9V8P9a1OTX0OfQN90TFpQgEwVs31Kq4h1I\n6FFDwRW3NYt2Oc/PjCKRmucQ7cYnKs8GJOwg5ZEB6Slr7MPzPwiwv6/A2k5gk5H1\n70vwmtVhlXAs4x1Ng7AvW6oIJrDr+/epEhFuaKt9qh8akKgV8Dt7tg+DAoGAMu5r\ndJhC1mP+mnEFD3a06xkFv2kR3d4hJYmavD+9B+xUM4wPRIQip3QDl0XEXOpFUoQP\nWf1aqhxF8g2l5QXaMNVwu2HXdu7hmQAUMAHhHMzaS154BoDk/s78j/AInpcEEJVP\nhUhJ6GYlEvgkFFigGmRfUyJufifugcutJRq2x2MCgYAnNU5RAwpGC6CJnMGkEAVY\nmWvYULBwurgBMMDQw9vOmFXOdunyBYcx++TscjFd+7dCik9oknNhwZhZGDyGrC3p\n5ZqpLZcc71/lqnsV2xjbaNzaTZjFpv1jaf2XSiUxQImlMpUMZTQoRsGi8f3YI/sK\n0y8nhLx5gU/Sdw+MboBFWQ==\n-----END PRIVATE KEY-----\n",
            "public_key_fingerprint_md5": "a6:11:f5:43:5a:d5:a1:fa:9b:ae:37:c1:5e:d0:29:f5",
            "public_key_fingerprint_sha256": "SHA256:hNcnatUW2F8biJoHaqpV91T3Rkv8p0uyBfYDC+0f+/U",
            "public_key_openssh": "ssh-rsa AAAAB3NzaC1yc2EAAAADAQABAAABAQDv2dr9h9kN0zTxaiHjtXx/ca0nPZiMXIXDjflXjXaxBkxx0+WhOlmw4GxqfmNulkKozqX1tG52ursEcc7EcX1AfaOVImqfeqmPDSRsFBudzzam5J9wL5IGIpi0uSOkNfI6e+Iv+bPHnkG2ycngj/AiG2uVsSMjwR58fA5ZR89wRuGOTBQYKEnT28jUrLpSE42wpIac95kYSamBGyo2q/4vI5SwswnFr1hNgIeI+ItU4jrATxy4Jz0w9bj4RTj1+QOgtGYMAQFWLAPmqCV0qF45kIxKuI3Twhqq6RMr25cKnhjkVT0HbgZ7dlZtjzc1nEiB5GLQLvSXZkNvpvJQNKbR\n",
            "public_key_pem": "-----BEGIN PUBLIC KEY-----\nMIIBIjANBgkqhkiG9w0BAQEFAAOCAQ8AMIIBCgKCAQEA79na/YfZDdM08Woh47V8\nf3GtJz2YjFyFw435V412sQZMcdPloTpZsOBsan5jbpZCqM6l9bRudrq7BHHOxHF9\nQH2jlSJqn3qpjw0kbBQbnc82puSfcC+SBiKYtLkjpDXyOnviL/mzx55BtsnJ4I/w\nIhtrlbEjI8EefHwOWUfPcEbhjkwUGChJ09vI1Ky6UhONsKSGnPeZGEmpgRsqNqv+\nLyOUsLMJxa9YTYCHiPiLVOI6wE8cuCc9MPW4+EU49fkDoLRmDAEBViwD5qgldKhe\nOZCMSriN08IaqukTK9uXCp4Y5FU9B24Ge3ZWbY83NZxIgeRi0C70l2ZDb6byUDSm\n0QIDAQAB\n-----END PUBLIC KEY-----\n",
            "rsa_bits": 2048
          },
          "sensitive_attributes": [
            [
              {
                "type": "get_attr",
                "value": "private_key_pem"
              }
            ],
            [
              {
                "type": "get_attr",
                "value": "private_key_openssh"
              }
            ],
            [
              {
                "type": "get_attr",
                "value": "private_key_pem_pkcs8"
              }
            ]
          ]
        }
      ]
    }
  ],
  "check_results": null
}
